// !$*UTF8*$!
{
	archiveVersion = 1;
	classes = {
	};
	objectVersion = 46;
	objects = {

/* Begin PBXBuildFile section */
		0504155C0FCB46F000F46828 /* EmulationViewController.mm in Sources */ = {isa = PBXBuildFile; fileRef = 0504155B0FCB46F000F46828 /* EmulationViewController.mm */; };
		050415610FCB475C00F46828 /* InputControllerView.mm in Sources */ = {isa = PBXBuildFile; fileRef = 0504155E0FCB475C00F46828 /* InputControllerView.mm */; };
		050415620FCB475C00F46828 /* JoystickViewLandscape.mm in Sources */ = {isa = PBXBuildFile; fileRef = 050415600FCB475C00F46828 /* JoystickViewLandscape.mm */; };
		0504156B0FCB4BD400F46828 /* CocoaUtility.m in Sources */ = {isa = PBXBuildFile; fileRef = 0504156A0FCB4BD400F46828 /* CocoaUtility.m */; };
		050416410FCB566500F46828 /* ls-fullscreen_bottomBtn.png in Resources */ = {isa = PBXBuildFile; fileRef = 0504162D0FCB566500F46828 /* ls-fullscreen_bottomBtn.png */; };
		050416420FCB566500F46828 /* ls-instructions_overlay.png in Resources */ = {isa = PBXBuildFile; fileRef = 0504162E0FCB566500F46828 /* ls-instructions_overlay.png */; };
		050416430FCB566500F46828 /* ls-overlay-skin.png in Resources */ = {isa = PBXBuildFile; fileRef = 0504162F0FCB566500F46828 /* ls-overlay-skin.png */; };
		050416440FCB566500F46828 /* ls-bgimage.png in Resources */ = {isa = PBXBuildFile; fileRef = 050416300FCB566500F46828 /* ls-bgimage.png */; };
		050416450FCB566500F46828 /* ls-fire.png in Resources */ = {isa = PBXBuildFile; fileRef = 050416310FCB566500F46828 /* ls-fire.png */; };
		050416460FCB566500F46828 /* ls-joystick_active.png in Resources */ = {isa = PBXBuildFile; fileRef = 050416320FCB566500F46828 /* ls-joystick_active.png */; };
		050416470FCB566500F46828 /* ls-joystick_rest.png in Resources */ = {isa = PBXBuildFile; fileRef = 050416330FCB566500F46828 /* ls-joystick_rest.png */; };
		0504166C0FCB571B00F46828 /* IK+.adf in Resources */ = {isa = PBXBuildFile; fileRef = 0542F18D0FC7E00F00126562 /* IK+.adf */; };
		050416780FCB588E00F46828 /* Turrican II.adf in Resources */ = {isa = PBXBuildFile; fileRef = 05FE829D0FC68EED00DBFECF /* Turrican II.adf */; };
		051F92E6108462AE00C815BE /* Paradroid 90.adf in Resources */ = {isa = PBXBuildFile; fileRef = 051F92E5108462AE00C815BE /* Paradroid 90.adf */; };
		051F92EC1084632400C815BE /* Nebulus.ADF in Resources */ = {isa = PBXBuildFile; fileRef = 051F92EB1084632400C815BE /* Nebulus.ADF */; };
		051F92EF1084644D00C815BE /* Gods 1.ADF in Resources */ = {isa = PBXBuildFile; fileRef = 051F92ED1084644D00C815BE /* Gods 1.ADF */; };
		051F92F01084644D00C815BE /* Gods 2.ADF in Resources */ = {isa = PBXBuildFile; fileRef = 051F92EE1084644D00C815BE /* Gods 2.ADF */; };
		0542F40B0FC8B99100126562 /* Odyssey-1.adf in Resources */ = {isa = PBXBuildFile; fileRef = 0542F40A0FC8B99100126562 /* Odyssey-1.adf */; };
		0545257E106EBB590032FC41 /* Events2.c in Sources */ = {isa = PBXBuildFile; fileRef = 0545257D106EBB590032FC41 /* Events2.c */; };
		054525B0106EC5550032FC41 /* combined_modules.cpp in Sources */ = {isa = PBXBuildFile; fileRef = 054525AF106EC5550032FC41 /* combined_modules.cpp */; };
		0552BD240F3D797C005B30DF /* autoconf.cpp in Sources */ = {isa = PBXBuildFile; fileRef = 0552BC9D0F3D797C005B30DF /* autoconf.cpp */; };
		0552BD250F3D797C005B30DF /* blitfunc.cpp in Sources */ = {isa = PBXBuildFile; fileRef = 0552BC9E0F3D797C005B30DF /* blitfunc.cpp */; };
		0552BD260F3D797C005B30DF /* blittable.cpp in Sources */ = {isa = PBXBuildFile; fileRef = 0552BC9F0F3D797C005B30DF /* blittable.cpp */; };
		0552BD270F3D797C005B30DF /* blitter.cpp in Sources */ = {isa = PBXBuildFile; fileRef = 0552BCA00F3D797C005B30DF /* blitter.cpp */; };
		0552BD280F3D797C005B30DF /* cia.cpp in Sources */ = {isa = PBXBuildFile; fileRef = 0552BCA10F3D797C005B30DF /* cia.cpp */; };
		0552BD2D0F3D797C005B30DF /* ersatz.cpp in Sources */ = {isa = PBXBuildFile; fileRef = 0552BCA70F3D797C005B30DF /* ersatz.cpp */; };
		0552BD2E0F3D797C005B30DF /* gfxutil.cpp in Sources */ = {isa = PBXBuildFile; fileRef = 0552BCA80F3D797C005B30DF /* gfxutil.cpp */; };
		0552BD410F3D797C005B30DF /* keybuf.cpp in Sources */ = {isa = PBXBuildFile; fileRef = 0552BCFA0F3D797C005B30DF /* keybuf.cpp */; };
		0552BD450F3D797C005B30DF /* famec.cpp in Sources */ = {isa = PBXBuildFile; fileRef = 0552BD060F3D797C005B30DF /* famec.cpp */; settings = {COMPILER_FLAGS = "-Wno-unused"; }; };
		0552BD470F3D797C005B30DF /* m68k_intrf.cpp in Sources */ = {isa = PBXBuildFile; fileRef = 0552BD090F3D797C005B30DF /* m68k_intrf.cpp */; };
		0552BD490F3D797C005B30DF /* uae.cpp in Sources */ = {isa = PBXBuildFile; fileRef = 0552BD0C0F3D797C005B30DF /* uae.cpp */; };
		0552BD4B0F3D797C005B30DF /* memory.cpp in Sources */ = {isa = PBXBuildFile; fileRef = 0552BD0E0F3D797C005B30DF /* memory.cpp */; };
		0552BD4C0F3D797C005B30DF /* fade.cpp in Sources */ = {isa = PBXBuildFile; fileRef = 0552BD100F3D797C005B30DF /* fade.cpp */; };
		0552BD4E0F3D797C005B30DF /* missing.cpp in Sources */ = {isa = PBXBuildFile; fileRef = 0552BD140F3D797C005B30DF /* missing.cpp */; };
		0552BD4F0F3D797C005B30DF /* od-joy.cpp in Sources */ = {isa = PBXBuildFile; fileRef = 0552BD150F3D797C005B30DF /* od-joy.cpp */; };
		0552BD500F3D797C005B30DF /* savedisk.cpp in Sources */ = {isa = PBXBuildFile; fileRef = 0552BD170F3D797C005B30DF /* savedisk.cpp */; };
		0552BD510F3D797C005B30DF /* sdlgfx.cpp in Sources */ = {isa = PBXBuildFile; fileRef = 0552BD190F3D797C005B30DF /* sdlgfx.cpp */; };
		0552BD540F3D797C005B30DF /* vkbd.cpp in Sources */ = {isa = PBXBuildFile; fileRef = 0552BD1F0F3D797C005B30DF /* vkbd.cpp */; };
		0552BD550F3D797C005B30DF /* writelog.cpp in Sources */ = {isa = PBXBuildFile; fileRef = 0552BD210F3D797C005B30DF /* writelog.cpp */; };
		0552BD560F3D797C005B30DF /* zfile.cpp in Sources */ = {isa = PBXBuildFile; fileRef = 0552BD220F3D797C005B30DF /* zfile.cpp */; };
		05743FC50FC293FD003BE251 /* iphone_main.mm in Sources */ = {isa = PBXBuildFile; fileRef = 05743FC40FC293FD003BE251 /* iphone_main.mm */; };
		0574402C0FC29FBE003BE251 /* SDL.mm in Sources */ = {isa = PBXBuildFile; fileRef = 0574402B0FC29FBE003BE251 /* SDL.mm */; };
		057440690FC2A243003BE251 /* libz.1.2.3.dylib in Frameworks */ = {isa = PBXBuildFile; fileRef = 057440680FC2A243003BE251 /* libz.1.2.3.dylib */; };
		057440D60FC2A4A7003BE251 /* kick.rom in Resources */ = {isa = PBXBuildFile; fileRef = 057440D50FC2A4A7003BE251 /* kick.rom */; };
		057442820FC3C25B003BE251 /* DisplayView.mm in Sources */ = {isa = PBXBuildFile; fileRef = 057442810FC3C25B003BE251 /* DisplayView.mm */; };
		0574432A0FC3C94F003BE251 /* kick13.rom in Resources */ = {isa = PBXBuildFile; fileRef = 057443290FC3C94F003BE251 /* kick13.rom */; };
		057B0D4C0FD0D0ED00D549AD /* MMStopWatch.m in Sources */ = {isa = PBXBuildFile; fileRef = 057B0D4B0FD0D0ED00D549AD /* MMStopWatch.m */; };
		0585D55F1091640900C1E4C1 /* VirtualKeyboard.m in Sources */ = {isa = PBXBuildFile; fileRef = 0585D55E1091640900C1E4C1 /* VirtualKeyboard.m */; };
		0585D5621091653E00C1E4C1 /* KeyView.m in Sources */ = {isa = PBXBuildFile; fileRef = 0585D5611091653E00C1E4C1 /* KeyView.m */; };
		059E3A2710636CBA0056A577 /* fame_arm.cpp in Sources */ = {isa = PBXBuildFile; fileRef = 059E3A2410636CBA0056A577 /* fame_arm.cpp */; settings = {COMPILER_FLAGS = "-frename-registers -Wno-unused"; }; };
		059E3A2810636CBA0056A577 /* m68k_interface.cpp in Sources */ = {isa = PBXBuildFile; fileRef = 059E3A2610636CBA0056A577 /* m68k_interface.cpp */; };
		05B7066E0FD282230081B5C3 /* Entitlements.plist in Resources */ = {isa = PBXBuildFile; fileRef = 05B7066D0FD282230081B5C3 /* Entitlements.plist */; };
		05BC17DB1070B74E00EABC6E /* Defender OTC1.ADF in Resources */ = {isa = PBXBuildFile; fileRef = 05BC17D91070B74E00EABC6E /* Defender OTC1.ADF */; };
		05BC17DC1070B74E00EABC6E /* Defender OTC2.ADF in Resources */ = {isa = PBXBuildFile; fileRef = 05BC17DA1070B74E00EABC6E /* Defender OTC2.ADF */; };
		05BC1AF51073448200EABC6E /* EMUBrowser.m in Sources */ = {isa = PBXBuildFile; fileRef = 05BC1AED1073448200EABC6E /* EMUBrowser.m */; };
		05BC1AF61073448200EABC6E /* EMUFileGroup.m in Sources */ = {isa = PBXBuildFile; fileRef = 05BC1AEF1073448200EABC6E /* EMUFileGroup.m */; };
		05BC1AF71073448200EABC6E /* EMUFileInfo.m in Sources */ = {isa = PBXBuildFile; fileRef = 05BC1AF11073448200EABC6E /* EMUFileInfo.m */; };
		05BC1AF81073448200EABC6E /* EMUROMBrowserView.xib in Resources */ = {isa = PBXBuildFile; fileRef = 05BC1AF21073448200EABC6E /* EMUROMBrowserView.xib */; };
		05BC1AF91073448200EABC6E /* EMUROMBrowserViewController.mm in Sources */ = {isa = PBXBuildFile; fileRef = 05BC1AF41073448200EABC6E /* EMUROMBrowserViewController.mm */; };
		05BC1B17107348E500EABC6E /* keys.png in Resources */ = {isa = PBXBuildFile; fileRef = 05BC1B15107348E500EABC6E /* keys.png */; };
		05BC1B18107348E500EABC6E /* VKBD.PNG in Resources */ = {isa = PBXBuildFile; fileRef = 05BC1B16107348E500EABC6E /* VKBD.PNG */; };
		05BC1B1D10734C3B00EABC6E /* SettingsController.m in Sources */ = {isa = PBXBuildFile; fileRef = 05BC1B1B10734C3B00EABC6E /* SettingsController.m */; };
		05BC1B1E10734C3B00EABC6E /* SettingsController.xib in Resources */ = {isa = PBXBuildFile; fileRef = 05BC1B1C10734C3B00EABC6E /* SettingsController.xib */; };
		05BC1BE6107357EC00EABC6E /* Shadow OTB1.ADF in Resources */ = {isa = PBXBuildFile; fileRef = 057443550FC3CA04003BE251 /* Shadow OTB1.ADF */; };
		05BC1BE7107357EC00EABC6E /* Shadow OTB2.ADF in Resources */ = {isa = PBXBuildFile; fileRef = 057443560FC3CA04003BE251 /* Shadow OTB2.ADF */; };
		05BC1C0210735AA000EABC6E /* R-Type II.adf in Resources */ = {isa = PBXBuildFile; fileRef = 05BC1C0010735AA000EABC6E /* R-Type II.adf */; };
		05BC1C0310735AA000EABC6E /* R-Type.adf in Resources */ = {isa = PBXBuildFile; fileRef = 05BC1C0110735AA000EABC6E /* R-Type.adf */; };
		05BC1C0910735AD600EABC6E /* Kid Chaos 1 of 4.adf in Resources */ = {isa = PBXBuildFile; fileRef = 05BC1C0510735AD600EABC6E /* Kid Chaos 1 of 4.adf */; };
		05BC1C0A10735AD600EABC6E /* Kid Chaos 2 of 4.adf in Resources */ = {isa = PBXBuildFile; fileRef = 05BC1C0610735AD600EABC6E /* Kid Chaos 2 of 4.adf */; };
		05BC1C0B10735AD600EABC6E /* Kid Chaos 3 of 4.adf in Resources */ = {isa = PBXBuildFile; fileRef = 05BC1C0710735AD600EABC6E /* Kid Chaos 3 of 4.adf */; };
		05BC1C0C10735AD600EABC6E /* Kid Chaos 4 of 4.adf in Resources */ = {isa = PBXBuildFile; fileRef = 05BC1C0810735AD600EABC6E /* Kid Chaos 4 of 4.adf */; };
		05BC1C1B10735D7400EABC6E /* Xenon 2.adf in Resources */ = {isa = PBXBuildFile; fileRef = 05BC1C1A10735D7400EABC6E /* Xenon 2.adf */; };
		05C87680106C9E20004A8DC2 /* Ghosts 'N Goblins.adf in Resources */ = {isa = PBXBuildFile; fileRef = 05C8767F106C9E20004A8DC2 /* Ghosts 'N Goblins.adf */; };
		05D5D74C0FD5E38400B91C98 /* m68k_intrf.cpp in Sources */ = {isa = PBXBuildFile; fileRef = 0552BD010F3D797C005B30DF /* m68k_intrf.cpp */; };
		05E6A31D0FC3D93B0086151B /* AudioToolbox.framework in Frameworks */ = {isa = PBXBuildFile; fileRef = 05E6A31C0FC3D93B0086151B /* AudioToolbox.framework */; };
		05ECEA051091A847001A71D0 /* sdl_event.mm in Sources */ = {isa = PBXBuildFile; fileRef = 05ECEA031091A847001A71D0 /* sdl_event.mm */; };
		05ECEAA51091B97D001A71D0 /* joystick.png in Resources */ = {isa = PBXBuildFile; fileRef = 05ECEAA21091B97D001A71D0 /* joystick.png */; };
		05ECEAA61091B97D001A71D0 /* keyboard.png in Resources */ = {isa = PBXBuildFile; fileRef = 05ECEAA31091B97D001A71D0 /* keyboard.png */; };
		05ECEAA71091B97D001A71D0 /* mouse.png in Resources */ = {isa = PBXBuildFile; fileRef = 05ECEAA41091B97D001A71D0 /* mouse.png */; };
		05ECEBAE1091CD9A001A71D0 /* Wizball.adf in Resources */ = {isa = PBXBuildFile; fileRef = 05ECEBAD1091CD9A001A71D0 /* Wizball.adf */; };
		05ECEBB31091CE25001A71D0 /* Lotus Esprit.adf in Resources */ = {isa = PBXBuildFile; fileRef = 05ECEBB21091CE25001A71D0 /* Lotus Esprit.adf */; };
		05ECEBB61091CE96001A71D0 /* Silkworm.ADF in Resources */ = {isa = PBXBuildFile; fileRef = 05ECEBB41091CE96001A71D0 /* Silkworm.ADF */; };
		05ECEBB71091CE96001A71D0 /* Speedball.adf in Resources */ = {isa = PBXBuildFile; fileRef = 05ECEBB51091CE96001A71D0 /* Speedball.adf */; };
		05FE7F280FC3EDBF00DBFECF /* AudioQueueManager.cpp in Sources */ = {isa = PBXBuildFile; fileRef = 05FE7F270FC3EDBF00DBFECF /* AudioQueueManager.cpp */; };
		1D3623260D0F684500981E51 /* iAmigaAppDelegate.mm in Sources */ = {isa = PBXBuildFile; fileRef = 1D3623250D0F684500981E51 /* iAmigaAppDelegate.mm */; };
		1D60589B0D05DD56006BFB54 /* main.mm in Sources */ = {isa = PBXBuildFile; fileRef = 29B97316FDCFA39411CA2CEA /* main.mm */; };
		1D60589F0D05DD5A006BFB54 /* Foundation.framework in Frameworks */ = {isa = PBXBuildFile; fileRef = 1D30AB110D05D00D00671497 /* Foundation.framework */; };
		1DF5F4E00D08C38300B7A737 /* UIKit.framework in Frameworks */ = {isa = PBXBuildFile; fileRef = 1DF5F4DF0D08C38300B7A737 /* UIKit.framework */; };
		288765FD0DF74451002DB57D /* CoreGraphics.framework in Frameworks */ = {isa = PBXBuildFile; fileRef = 288765FC0DF74451002DB57D /* CoreGraphics.framework */; };
		28AD733F0D9D9553002E5188 /* MainWindow.xib in Resources */ = {isa = PBXBuildFile; fileRef = 28AD733E0D9D9553002E5188 /* MainWindow.xib */; };
/* End PBXBuildFile section */

/* Begin PBXFileReference section */
		0504155A0FCB46F000F46828 /* EmulationViewController.h */ = {isa = PBXFileReference; fileEncoding = 4; lastKnownFileType = sourcecode.c.h; path = EmulationViewController.h; sourceTree = "<group>"; };
		0504155B0FCB46F000F46828 /* EmulationViewController.mm */ = {isa = PBXFileReference; fileEncoding = 4; lastKnownFileType = sourcecode.cpp.objcpp; path = EmulationViewController.mm; sourceTree = "<group>"; };
		0504155D0FCB475C00F46828 /* InputControllerView.h */ = {isa = PBXFileReference; fileEncoding = 4; lastKnownFileType = sourcecode.c.h; path = InputControllerView.h; sourceTree = "<group>"; };
		0504155E0FCB475C00F46828 /* InputControllerView.mm */ = {isa = PBXFileReference; fileEncoding = 4; lastKnownFileType = sourcecode.cpp.objcpp; path = InputControllerView.mm; sourceTree = "<group>"; };
		0504155F0FCB475C00F46828 /* JoystickViewLandscape.h */ = {isa = PBXFileReference; fileEncoding = 4; lastKnownFileType = sourcecode.c.h; path = JoystickViewLandscape.h; sourceTree = "<group>"; };
		050415600FCB475C00F46828 /* JoystickViewLandscape.mm */ = {isa = PBXFileReference; fileEncoding = 4; lastKnownFileType = sourcecode.cpp.objcpp; path = JoystickViewLandscape.mm; sourceTree = "<group>"; };
		050415630FCB47B200F46828 /* CGVector.h */ = {isa = PBXFileReference; fileEncoding = 4; lastKnownFileType = sourcecode.c.h; path = CGVector.h; sourceTree = "<group>"; };
		050415640FCB47B200F46828 /* touchstick.h */ = {isa = PBXFileReference; fileEncoding = 4; lastKnownFileType = sourcecode.c.h; path = touchstick.h; sourceTree = "<group>"; };
		050415690FCB4BD400F46828 /* CocoaUtility.h */ = {isa = PBXFileReference; fileEncoding = 4; lastKnownFileType = sourcecode.c.h; path = CocoaUtility.h; sourceTree = "<group>"; };
		0504156A0FCB4BD400F46828 /* CocoaUtility.m */ = {isa = PBXFileReference; fileEncoding = 4; lastKnownFileType = sourcecode.c.objc; path = CocoaUtility.m; sourceTree = "<group>"; };
		0504156C0FCB4BE600F46828 /* debug.h */ = {isa = PBXFileReference; fileEncoding = 4; lastKnownFileType = sourcecode.c.h; path = debug.h; sourceTree = "<group>"; };
		0504162D0FCB566500F46828 /* ls-fullscreen_bottomBtn.png */ = {isa = PBXFileReference; lastKnownFileType = image.png; path = "ls-fullscreen_bottomBtn.png"; sourceTree = "<group>"; };
		0504162E0FCB566500F46828 /* ls-instructions_overlay.png */ = {isa = PBXFileReference; lastKnownFileType = image.png; path = "ls-instructions_overlay.png"; sourceTree = "<group>"; };
		0504162F0FCB566500F46828 /* ls-overlay-skin.png */ = {isa = PBXFileReference; lastKnownFileType = image.png; path = "ls-overlay-skin.png"; sourceTree = "<group>"; };
		050416300FCB566500F46828 /* ls-bgimage.png */ = {isa = PBXFileReference; lastKnownFileType = image.png; path = "ls-bgimage.png"; sourceTree = "<group>"; };
		050416310FCB566500F46828 /* ls-fire.png */ = {isa = PBXFileReference; lastKnownFileType = image.png; path = "ls-fire.png"; sourceTree = "<group>"; };
		050416320FCB566500F46828 /* ls-joystick_active.png */ = {isa = PBXFileReference; lastKnownFileType = image.png; path = "ls-joystick_active.png"; sourceTree = "<group>"; };
		050416330FCB566500F46828 /* ls-joystick_rest.png */ = {isa = PBXFileReference; lastKnownFileType = image.png; path = "ls-joystick_rest.png"; sourceTree = "<group>"; };
		051F92E5108462AE00C815BE /* Paradroid 90.adf */ = {isa = PBXFileReference; lastKnownFileType = file; path = "Paradroid 90.adf"; sourceTree = "<group>"; };
		051F92EB1084632400C815BE /* Nebulus.ADF */ = {isa = PBXFileReference; lastKnownFileType = file; path = Nebulus.ADF; sourceTree = "<group>"; };
		051F92ED1084644D00C815BE /* Gods 1.ADF */ = {isa = PBXFileReference; lastKnownFileType = file; path = "Gods 1.ADF"; sourceTree = "<group>"; };
		051F92EE1084644D00C815BE /* Gods 2.ADF */ = {isa = PBXFileReference; lastKnownFileType = file; path = "Gods 2.ADF"; sourceTree = "<group>"; };
		0542F18D0FC7E00F00126562 /* IK+.adf */ = {isa = PBXFileReference; lastKnownFileType = file; name = "IK+.adf"; path = "../IK+.adf"; sourceTree = "<group>"; };
		0542F40A0FC8B99100126562 /* Odyssey-1.adf */ = {isa = PBXFileReference; lastKnownFileType = file; path = "Odyssey-1.adf"; sourceTree = "<group>"; };
		0545257C106EBB590032FC41 /* Events2.h */ = {isa = PBXFileReference; fileEncoding = 4; lastKnownFileType = sourcecode.c.h; path = Events2.h; sourceTree = "<group>"; };
		0545257D106EBB590032FC41 /* Events2.c */ = {isa = PBXFileReference; fileEncoding = 4; lastKnownFileType = sourcecode.c.c; path = Events2.c; sourceTree = "<group>"; };
		054525AF106EC5550032FC41 /* combined_modules.cpp */ = {isa = PBXFileReference; fileEncoding = 4; lastKnownFileType = sourcecode.cpp.cpp; path = combined_modules.cpp; sourceTree = "<group>"; };
		0552BC9C0F3D797C005B30DF /* audio.cpp */ = {isa = PBXFileReference; fileEncoding = 4; lastKnownFileType = sourcecode.cpp.cpp; path = audio.cpp; sourceTree = "<group>"; };
		0552BC9D0F3D797C005B30DF /* autoconf.cpp */ = {isa = PBXFileReference; fileEncoding = 4; lastKnownFileType = sourcecode.cpp.cpp; path = autoconf.cpp; sourceTree = "<group>"; };
		0552BC9E0F3D797C005B30DF /* blitfunc.cpp */ = {isa = PBXFileReference; fileEncoding = 4; lastKnownFileType = sourcecode.cpp.cpp; path = blitfunc.cpp; sourceTree = "<group>"; };
		0552BC9F0F3D797C005B30DF /* blittable.cpp */ = {isa = PBXFileReference; fileEncoding = 4; lastKnownFileType = sourcecode.cpp.cpp; path = blittable.cpp; sourceTree = "<group>"; };
		0552BCA00F3D797C005B30DF /* blitter.cpp */ = {isa = PBXFileReference; fileEncoding = 4; lastKnownFileType = sourcecode.cpp.cpp; path = blitter.cpp; sourceTree = "<group>"; };
		0552BCA10F3D797C005B30DF /* cia.cpp */ = {isa = PBXFileReference; fileEncoding = 4; lastKnownFileType = sourcecode.cpp.cpp; path = cia.cpp; sourceTree = "<group>"; };
		0552BCA30F3D797C005B30DF /* config.h */ = {isa = PBXFileReference; fileEncoding = 4; lastKnownFileType = sourcecode.c.h; path = config.h; sourceTree = "<group>"; };
		0552BCA40F3D797C005B30DF /* custom.cpp */ = {isa = PBXFileReference; fileEncoding = 4; lastKnownFileType = sourcecode.cpp.cpp; path = custom.cpp; sourceTree = "<group>"; };
		0552BCA50F3D797C005B30DF /* disk.cpp */ = {isa = PBXFileReference; fileEncoding = 4; lastKnownFileType = sourcecode.cpp.cpp; path = disk.cpp; sourceTree = "<group>"; };
		0552BCA60F3D797C005B30DF /* drawing.cpp */ = {isa = PBXFileReference; fileEncoding = 4; lastKnownFileType = sourcecode.cpp.cpp; path = drawing.cpp; sourceTree = "<group>"; };
		0552BCA70F3D797C005B30DF /* ersatz.cpp */ = {isa = PBXFileReference; fileEncoding = 4; lastKnownFileType = sourcecode.cpp.cpp; path = ersatz.cpp; sourceTree = "<group>"; };
		0552BCA80F3D797C005B30DF /* gfxutil.cpp */ = {isa = PBXFileReference; fileEncoding = 4; lastKnownFileType = sourcecode.cpp.cpp; path = gfxutil.cpp; sourceTree = "<group>"; };
		0552BCB00F3D797C005B30DF /* gp2x.cpp */ = {isa = PBXFileReference; fileEncoding = 4; lastKnownFileType = sourcecode.cpp.cpp; path = gp2x.cpp; sourceTree = "<group>"; };
		0552BCB10F3D797C005B30DF /* gp2x.h */ = {isa = PBXFileReference; fileEncoding = 4; lastKnownFileType = sourcecode.c.h; path = gp2x.h; sourceTree = "<group>"; };
		0552BCB20F3D797C005B30DF /* gp2xutil.h */ = {isa = PBXFileReference; fileEncoding = 4; lastKnownFileType = sourcecode.c.h; path = gp2xutil.h; sourceTree = "<group>"; };
		0552BCB30F3D797C005B30DF /* inputmode.cpp */ = {isa = PBXFileReference; fileEncoding = 4; lastKnownFileType = sourcecode.cpp.cpp; path = inputmode.cpp; sourceTree = "<group>"; };
		0552BCB40F3D797C005B30DF /* inputmode.h */ = {isa = PBXFileReference; fileEncoding = 4; lastKnownFileType = sourcecode.c.h; path = inputmode.h; sourceTree = "<group>"; };
		0552BCB50F3D797C005B30DF /* memcpy.s */ = {isa = PBXFileReference; fileEncoding = 4; lastKnownFileType = sourcecode.asm; path = memcpy.s; sourceTree = "<group>"; };
		0552BCB60F3D797C005B30DF /* memset.s */ = {isa = PBXFileReference; fileEncoding = 4; lastKnownFileType = sourcecode.asm; path = memset.s; sourceTree = "<group>"; };
		0552BCB80F3D797C005B30DF /* menu.cpp */ = {isa = PBXFileReference; fileEncoding = 4; lastKnownFileType = sourcecode.cpp.cpp; path = menu.cpp; sourceTree = "<group>"; };
		0552BCB90F3D797C005B30DF /* menu.h */ = {isa = PBXFileReference; fileEncoding = 4; lastKnownFileType = sourcecode.c.h; path = menu.h; sourceTree = "<group>"; };
		0552BCBA0F3D797C005B30DF /* menu_fileinfo.cpp */ = {isa = PBXFileReference; fileEncoding = 4; lastKnownFileType = sourcecode.cpp.cpp; path = menu_fileinfo.cpp; sourceTree = "<group>"; };
		0552BCBB0F3D797C005B30DF /* menu_load.cpp */ = {isa = PBXFileReference; fileEncoding = 4; lastKnownFileType = sourcecode.cpp.cpp; path = menu_load.cpp; sourceTree = "<group>"; };
		0552BCBC0F3D797C005B30DF /* menu_main.cpp */ = {isa = PBXFileReference; fileEncoding = 4; lastKnownFileType = sourcecode.cpp.cpp; path = menu_main.cpp; sourceTree = "<group>"; };
		0552BCBD0F3D797C005B30DF /* menu_overclock.cpp */ = {isa = PBXFileReference; fileEncoding = 4; lastKnownFileType = sourcecode.cpp.cpp; path = menu_overclock.cpp; sourceTree = "<group>"; };
		0552BCBE0F3D797C005B30DF /* msg.h */ = {isa = PBXFileReference; fileEncoding = 4; lastKnownFileType = sourcecode.c.h; path = msg.h; sourceTree = "<group>"; };
		0552BCBF0F3D797C005B30DF /* volumecontrol.cpp */ = {isa = PBXFileReference; fileEncoding = 4; lastKnownFileType = sourcecode.cpp.cpp; path = volumecontrol.cpp; sourceTree = "<group>"; };
		0552BCC00F3D797C005B30DF /* volumecontrol.h */ = {isa = PBXFileReference; fileEncoding = 4; lastKnownFileType = sourcecode.c.h; path = volumecontrol.h; sourceTree = "<group>"; };
		0552BCC10F3D797C005B30DF /* gui.cpp */ = {isa = PBXFileReference; fileEncoding = 4; lastKnownFileType = sourcecode.cpp.cpp; path = gui.cpp; sourceTree = "<group>"; };
		0552BCC30F3D797C005B30DF /* audio.h */ = {isa = PBXFileReference; fileEncoding = 4; lastKnownFileType = sourcecode.c.h; path = audio.h; sourceTree = "<group>"; };
		0552BCC40F3D797C005B30DF /* autoconf.h */ = {isa = PBXFileReference; fileEncoding = 4; lastKnownFileType = sourcecode.c.h; path = autoconf.h; sourceTree = "<group>"; };
		0552BCC50F3D797C005B30DF /* blit.h */ = {isa = PBXFileReference; fileEncoding = 4; lastKnownFileType = sourcecode.c.h; path = blit.h; sourceTree = "<group>"; };
		0552BCC60F3D797C005B30DF /* blitfunc.h */ = {isa = PBXFileReference; fileEncoding = 4; lastKnownFileType = sourcecode.c.h; path = blitfunc.h; sourceTree = "<group>"; };
		0552BCC70F3D797C005B30DF /* blitter.h */ = {isa = PBXFileReference; fileEncoding = 4; lastKnownFileType = sourcecode.c.h; path = blitter.h; sourceTree = "<group>"; };
		0552BCC90F3D797C005B30DF /* cia.h */ = {isa = PBXFileReference; fileEncoding = 4; lastKnownFileType = sourcecode.c.h; path = cia.h; sourceTree = "<group>"; };
		0552BCCC0F3D797C005B30DF /* custom.h */ = {isa = PBXFileReference; fileEncoding = 4; lastKnownFileType = sourcecode.c.h; path = custom.h; sourceTree = "<group>"; };
		0552BCCE0F3D797C005B30DF /* debug_uae4all.h */ = {isa = PBXFileReference; fileEncoding = 4; lastKnownFileType = sourcecode.c.h; path = debug_uae4all.h; sourceTree = "<group>"; };
		0552BCCF0F3D797C005B30DF /* disk.h */ = {isa = PBXFileReference; fileEncoding = 4; lastKnownFileType = sourcecode.c.h; path = disk.h; sourceTree = "<group>"; };
		0552BCD00F3D797C005B30DF /* drawing.h */ = {isa = PBXFileReference; fileEncoding = 4; lastKnownFileType = sourcecode.c.h; path = drawing.h; sourceTree = "<group>"; };
		0552BCD10F3D797C005B30DF /* ersatz.h */ = {isa = PBXFileReference; fileEncoding = 4; lastKnownFileType = sourcecode.c.h; path = ersatz.h; sourceTree = "<group>"; };
		0552BCD20F3D797C005B30DF /* events.h */ = {isa = PBXFileReference; fileEncoding = 4; lastKnownFileType = sourcecode.c.h; path = events.h; sourceTree = "<group>"; };
		0552BCD30F3D797C005B30DF /* execlib.h */ = {isa = PBXFileReference; fileEncoding = 4; lastKnownFileType = sourcecode.c.h; path = execlib.h; sourceTree = "<group>"; };
		0552BCD50F3D797C005B30DF /* fetch_prepared.h */ = {isa = PBXFileReference; fileEncoding = 4; lastKnownFileType = sourcecode.c.h; path = fetch_prepared.h; sourceTree = "<group>"; };
		0552BCD60F3D797C005B30DF /* filesys.h */ = {isa = PBXFileReference; fileEncoding = 4; lastKnownFileType = sourcecode.c.h; path = filesys.h; sourceTree = "<group>"; };
		0552BCDC0F3D797C005B30DF /* gensound.h */ = {isa = PBXFileReference; fileEncoding = 4; lastKnownFileType = sourcecode.c.h; path = gensound.h; sourceTree = "<group>"; };
		0552BCDD0F3D797C005B30DF /* gui.h */ = {isa = PBXFileReference; fileEncoding = 4; lastKnownFileType = sourcecode.c.h; path = gui.h; sourceTree = "<group>"; };
		0552BCDF0F3D797C005B30DF /* imask_tab.h */ = {isa = PBXFileReference; fileEncoding = 4; lastKnownFileType = sourcecode.c.h; path = imask_tab.h; sourceTree = "<group>"; };
		0552BCE00F3D797C005B30DF /* joystick.h */ = {isa = PBXFileReference; fileEncoding = 4; lastKnownFileType = sourcecode.c.h; path = joystick.h; sourceTree = "<group>"; };
		0552BCE10F3D797C005B30DF /* keyboard.h */ = {isa = PBXFileReference; fileEncoding = 4; lastKnownFileType = sourcecode.c.h; path = keyboard.h; sourceTree = "<group>"; };
		0552BCE20F3D797C005B30DF /* keybuf.h */ = {isa = PBXFileReference; fileEncoding = 4; lastKnownFileType = sourcecode.c.h; path = keybuf.h; sourceTree = "<group>"; };
		0552BCE30F3D797C005B30DF /* maccess.h */ = {isa = PBXFileReference; fileEncoding = 4; lastKnownFileType = sourcecode.c.h; path = maccess.h; sourceTree = "<group>"; };
		0552BCE60F3D797C005B30DF /* memory.h */ = {isa = PBXFileReference; fileEncoding = 4; lastKnownFileType = sourcecode.c.h; path = memory.h; sourceTree = "<group>"; };
		0552BCE80F3D797C005B30DF /* options.h */ = {isa = PBXFileReference; fileEncoding = 4; lastKnownFileType = sourcecode.c.h; path = options.h; sourceTree = "<group>"; };
		0552BCEB0F3D797C005B30DF /* rpt.h */ = {isa = PBXFileReference; fileEncoding = 4; lastKnownFileType = sourcecode.c.h; path = rpt.h; sourceTree = "<group>"; };
		0552BCEC0F3D797C005B30DF /* savestate.h */ = {isa = PBXFileReference; fileEncoding = 4; lastKnownFileType = sourcecode.c.h; path = savestate.h; sourceTree = "<group>"; };
		0552BCEF0F3D797C005B30DF /* sound.h */ = {isa = PBXFileReference; fileEncoding = 4; lastKnownFileType = sourcecode.c.h; path = sound.h; sourceTree = "<group>"; };
		0552BCF30F3D797C005B30DF /* sysdeps.h */ = {isa = PBXFileReference; fileEncoding = 4; lastKnownFileType = sourcecode.c.h; path = sysdeps.h; sourceTree = "<group>"; };
		0552BCF40F3D797C005B30DF /* thread.h */ = {isa = PBXFileReference; fileEncoding = 4; lastKnownFileType = sourcecode.c.h; path = thread.h; sourceTree = "<group>"; };
		0552BCF60F3D797C005B30DF /* uae.h */ = {isa = PBXFileReference; fileEncoding = 4; lastKnownFileType = sourcecode.c.h; path = uae.h; sourceTree = "<group>"; };
		0552BCF80F3D797C005B30DF /* xwin.h */ = {isa = PBXFileReference; fileEncoding = 4; lastKnownFileType = sourcecode.c.h; path = xwin.h; sourceTree = "<group>"; };
		0552BCF90F3D797C005B30DF /* zfile.h */ = {isa = PBXFileReference; fileEncoding = 4; lastKnownFileType = sourcecode.c.h; path = zfile.h; sourceTree = "<group>"; };
		0552BCFA0F3D797C005B30DF /* keybuf.cpp */ = {isa = PBXFileReference; fileEncoding = 4; lastKnownFileType = sourcecode.cpp.cpp; path = keybuf.cpp; sourceTree = "<group>"; };
		0552BCFB0F3D797C005B30DF /* linetoscr.h */ = {isa = PBXFileReference; fileEncoding = 4; lastKnownFileType = sourcecode.c.h; path = linetoscr.h; sourceTree = "<group>"; };
		0552BCFE0F3D797C005B30DF /* config.h */ = {isa = PBXFileReference; fileEncoding = 4; lastKnownFileType = sourcecode.c.h; path = config.h; sourceTree = "<group>"; };
		0552BCFF0F3D797C005B30DF /* cyclone.h */ = {isa = PBXFileReference; fileEncoding = 4; lastKnownFileType = sourcecode.c.h; path = cyclone.h; sourceTree = "<group>"; };
		0552BD000F3D797C005B30DF /* cyclone.s */ = {isa = PBXFileReference; fileEncoding = 4; lastKnownFileType = sourcecode.asm; path = cyclone.s; sourceTree = "<group>"; };
		0552BD010F3D797C005B30DF /* m68k_intrf.cpp */ = {isa = PBXFileReference; fileEncoding = 4; lastKnownFileType = sourcecode.cpp.cpp; path = m68k_intrf.cpp; sourceTree = "<group>"; };
		0552BD020F3D797C005B30DF /* memhandlers.s */ = {isa = PBXFileReference; fileEncoding = 4; lastKnownFileType = sourcecode.asm; path = memhandlers.s; sourceTree = "<group>"; };
		0552BD030F3D797C005B30DF /* debug_m68k.h */ = {isa = PBXFileReference; fileEncoding = 4; lastKnownFileType = sourcecode.c.h; path = debug_m68k.h; sourceTree = "<group>"; };
		0552BD050F3D797C005B30DF /* fame.h */ = {isa = PBXFileReference; fileEncoding = 4; lastKnownFileType = sourcecode.c.h; path = fame.h; sourceTree = "<group>"; };
		0552BD060F3D797C005B30DF /* famec.cpp */ = {isa = PBXFileReference; fileEncoding = 4; lastKnownFileType = sourcecode.cpp.cpp; path = famec.cpp; sourceTree = "<group>"; };
		0552BD070F3D797C005B30DF /* famec_debug.cpp */ = {isa = PBXFileReference; fileEncoding = 4; lastKnownFileType = sourcecode.cpp.cpp; path = famec_debug.cpp; sourceTree = "<group>"; };
		0552BD080F3D797C005B30DF /* famec_opcodes.h */ = {isa = PBXFileReference; fileEncoding = 4; lastKnownFileType = sourcecode.c.h; path = famec_opcodes.h; sourceTree = "<group>"; };
		0552BD090F3D797C005B30DF /* m68k_intrf.cpp */ = {isa = PBXFileReference; fileEncoding = 4; lastKnownFileType = sourcecode.cpp.cpp; path = m68k_intrf.cpp; sourceTree = "<group>"; };
		0552BD0A0F3D797C005B30DF /* m68k_cmn_intrf.cpp */ = {isa = PBXFileReference; fileEncoding = 4; lastKnownFileType = sourcecode.cpp.cpp; path = m68k_cmn_intrf.cpp; sourceTree = "<group>"; };
		0552BD0B0F3D797C005B30DF /* m68k_intrf.h */ = {isa = PBXFileReference; fileEncoding = 4; lastKnownFileType = sourcecode.c.h; path = m68k_intrf.h; sourceTree = "<group>"; };
		0552BD0C0F3D797C005B30DF /* uae.cpp */ = {isa = PBXFileReference; fileEncoding = 4; lastKnownFileType = sourcecode.cpp.cpp; path = uae.cpp; sourceTree = "<group>"; };
		0552BD0E0F3D797C005B30DF /* memory.cpp */ = {isa = PBXFileReference; fileEncoding = 4; lastKnownFileType = sourcecode.cpp.cpp; path = memory.cpp; sourceTree = "<group>"; };
		0552BD100F3D797C005B30DF /* fade.cpp */ = {isa = PBXFileReference; fileEncoding = 4; lastKnownFileType = sourcecode.cpp.cpp; path = fade.cpp; sourceTree = "<group>"; };
		0552BD110F3D797C005B30DF /* fade.h */ = {isa = PBXFileReference; fileEncoding = 4; lastKnownFileType = sourcecode.c.h; path = fade.h; sourceTree = "<group>"; };
		0552BD120F3D797C005B30DF /* menu_load.cpp */ = {isa = PBXFileReference; fileEncoding = 4; lastKnownFileType = sourcecode.cpp.cpp; path = menu_load.cpp; sourceTree = "<group>"; };
		0552BD130F3D797C005B30DF /* msg.h */ = {isa = PBXFileReference; fileEncoding = 4; lastKnownFileType = sourcecode.c.h; path = msg.h; sourceTree = "<group>"; };
		0552BD140F3D797C005B30DF /* missing.cpp */ = {isa = PBXFileReference; fileEncoding = 4; lastKnownFileType = sourcecode.cpp.cpp; path = missing.cpp; sourceTree = "<group>"; };
		0552BD150F3D797C005B30DF /* od-joy.cpp */ = {isa = PBXFileReference; fileEncoding = 4; lastKnownFileType = sourcecode.cpp.cpp; path = "od-joy.cpp"; sourceTree = "<group>"; };
		0552BD160F3D797C005B30DF /* save_icon.h */ = {isa = PBXFileReference; fileEncoding = 4; lastKnownFileType = sourcecode.c.h; path = save_icon.h; sourceTree = "<group>"; };
		0552BD170F3D797C005B30DF /* savedisk.cpp */ = {isa = PBXFileReference; fileEncoding = 4; lastKnownFileType = sourcecode.cpp.cpp; path = savedisk.cpp; sourceTree = "<group>"; };
		0552BD180F3D797C005B30DF /* savedisk.h */ = {isa = PBXFileReference; fileEncoding = 4; lastKnownFileType = sourcecode.c.h; path = savedisk.h; sourceTree = "<group>"; };
		0552BD190F3D797C005B30DF /* sdlgfx.cpp */ = {isa = PBXFileReference; fileEncoding = 4; lastKnownFileType = sourcecode.cpp.cpp; path = sdlgfx.cpp; sourceTree = "<group>"; };
		0552BD1A0F3D797C005B30DF /* sound.cpp */ = {isa = PBXFileReference; fileEncoding = 4; lastKnownFileType = sourcecode.cpp.cpp; path = sound.cpp; sourceTree = "<group>"; };
		0552BD1B0F3D797C005B30DF /* sound_gp2x.cpp */ = {isa = PBXFileReference; fileEncoding = 4; lastKnownFileType = sourcecode.cpp.cpp; path = sound_gp2x.cpp; sourceTree = "<group>"; };
		0552BD1C0F3D797C005B30DF /* sysconfig.h */ = {isa = PBXFileReference; fileEncoding = 4; lastKnownFileType = sourcecode.c.h; path = sysconfig.h; sourceTree = "<group>"; };
		0552BD1D0F3D797C005B30DF /* target.h */ = {isa = PBXFileReference; fileEncoding = 4; lastKnownFileType = sourcecode.c.h; path = target.h; sourceTree = "<group>"; };
		0552BD1F0F3D797C005B30DF /* vkbd.cpp */ = {isa = PBXFileReference; fileEncoding = 4; lastKnownFileType = sourcecode.cpp.cpp; path = vkbd.cpp; sourceTree = "<group>"; };
		0552BD200F3D797C005B30DF /* vkbd.h */ = {isa = PBXFileReference; fileEncoding = 4; lastKnownFileType = sourcecode.c.h; path = vkbd.h; sourceTree = "<group>"; };
		0552BD210F3D797C005B30DF /* writelog.cpp */ = {isa = PBXFileReference; fileEncoding = 4; lastKnownFileType = sourcecode.cpp.cpp; path = writelog.cpp; sourceTree = "<group>"; };
		0552BD220F3D797C005B30DF /* zfile.cpp */ = {isa = PBXFileReference; fileEncoding = 4; lastKnownFileType = sourcecode.cpp.cpp; path = zfile.cpp; sourceTree = "<group>"; };
		05743F6D0FC28C6A003BE251 /* SDL.h */ = {isa = PBXFileReference; fileEncoding = 4; lastKnownFileType = sourcecode.c.h; path = SDL.h; sourceTree = "<group>"; };
		05743FC30FC293FD003BE251 /* iphone_main.h */ = {isa = PBXFileReference; fileEncoding = 4; lastKnownFileType = sourcecode.c.h; path = iphone_main.h; sourceTree = "<group>"; };
		05743FC40FC293FD003BE251 /* iphone_main.mm */ = {isa = PBXFileReference; fileEncoding = 4; lastKnownFileType = sourcecode.cpp.objcpp; path = iphone_main.mm; sourceTree = "<group>"; };
		05743FDA0FC299FE003BE251 /* SDL_endian.h */ = {isa = PBXFileReference; fileEncoding = 4; lastKnownFileType = sourcecode.c.h; path = SDL_endian.h; sourceTree = "<group>"; };
		0574402B0FC29FBE003BE251 /* SDL.mm */ = {isa = PBXFileReference; fileEncoding = 4; lastKnownFileType = sourcecode.cpp.objcpp; path = SDL.mm; sourceTree = "<group>"; };
		057440680FC2A243003BE251 /* libz.1.2.3.dylib */ = {isa = PBXFileReference; lastKnownFileType = "compiled.mach-o.dylib"; name = libz.1.2.3.dylib; path = usr/lib/libz.1.2.3.dylib; sourceTree = SDKROOT; };
		057440D50FC2A4A7003BE251 /* kick.rom */ = {isa = PBXFileReference; lastKnownFileType = file; path = kick.rom; sourceTree = "<group>"; };
		057442800FC3C25B003BE251 /* DisplayView.h */ = {isa = PBXFileReference; fileEncoding = 4; lastKnownFileType = sourcecode.c.h; path = DisplayView.h; sourceTree = "<group>"; };
		057442810FC3C25B003BE251 /* DisplayView.mm */ = {isa = PBXFileReference; fileEncoding = 4; lastKnownFileType = sourcecode.cpp.objcpp; path = DisplayView.mm; sourceTree = "<group>"; };
		057443290FC3C94F003BE251 /* kick13.rom */ = {isa = PBXFileReference; lastKnownFileType = file; path = kick13.rom; sourceTree = "<group>"; };
		057443550FC3CA04003BE251 /* Shadow OTB1.ADF */ = {isa = PBXFileReference; lastKnownFileType = file; path = "Shadow OTB1.ADF"; sourceTree = "<group>"; };
		057443560FC3CA04003BE251 /* Shadow OTB2.ADF */ = {isa = PBXFileReference; lastKnownFileType = file; path = "Shadow OTB2.ADF"; sourceTree = "<group>"; };
		057B0D4A0FD0D0ED00D549AD /* MMStopWatch.h */ = {isa = PBXFileReference; fileEncoding = 4; lastKnownFileType = sourcecode.c.h; path = MMStopWatch.h; sourceTree = "<group>"; };
		057B0D4B0FD0D0ED00D549AD /* MMStopWatch.m */ = {isa = PBXFileReference; fileEncoding = 4; lastKnownFileType = sourcecode.c.objc; path = MMStopWatch.m; sourceTree = "<group>"; };
		0585D55D1091640900C1E4C1 /* VirtualKeyboard.h */ = {isa = PBXFileReference; fileEncoding = 4; lastKnownFileType = sourcecode.c.h; path = VirtualKeyboard.h; sourceTree = "<group>"; };
		0585D55E1091640900C1E4C1 /* VirtualKeyboard.m */ = {isa = PBXFileReference; fileEncoding = 4; lastKnownFileType = sourcecode.c.objc; path = VirtualKeyboard.m; sourceTree = "<group>"; };
		0585D5601091653E00C1E4C1 /* KeyView.h */ = {isa = PBXFileReference; fileEncoding = 4; lastKnownFileType = sourcecode.c.h; path = KeyView.h; sourceTree = "<group>"; };
		0585D5611091653E00C1E4C1 /* KeyView.m */ = {isa = PBXFileReference; fileEncoding = 4; lastKnownFileType = sourcecode.c.objc; path = KeyView.m; sourceTree = "<group>"; };
		059E3A2410636CBA0056A577 /* fame_arm.cpp */ = {isa = PBXFileReference; fileEncoding = 4; lastKnownFileType = sourcecode.cpp.cpp; path = fame_arm.cpp; sourceTree = "<group>"; };
		059E3A2510636CBA0056A577 /* fame_arm.h */ = {isa = PBXFileReference; fileEncoding = 4; lastKnownFileType = sourcecode.c.h; path = fame_arm.h; sourceTree = "<group>"; };
		059E3A2610636CBA0056A577 /* m68k_interface.cpp */ = {isa = PBXFileReference; fileEncoding = 4; lastKnownFileType = sourcecode.cpp.cpp; path = m68k_interface.cpp; sourceTree = "<group>"; };
		059E3A3010636CC60056A577 /* c68k_ini.h */ = {isa = PBXFileReference; fileEncoding = 4; lastKnownFileType = sourcecode.c.h; path = c68k_ini.h; sourceTree = "<group>"; };
		059E3A3110636CC60056A577 /* c68k_misc.h */ = {isa = PBXFileReference; fileEncoding = 4; lastKnownFileType = sourcecode.c.h; path = c68k_misc.h; sourceTree = "<group>"; };
		059E3A3210636CC60056A577 /* c68k_op0.h */ = {isa = PBXFileReference; fileEncoding = 4; lastKnownFileType = sourcecode.c.h; path = c68k_op0.h; sourceTree = "<group>"; };
		059E3A3310636CC60056A577 /* c68k_op1.h */ = {isa = PBXFileReference; fileEncoding = 4; lastKnownFileType = sourcecode.c.h; path = c68k_op1.h; sourceTree = "<group>"; };
		059E3A3410636CC60056A577 /* c68k_op2.h */ = {isa = PBXFileReference; fileEncoding = 4; lastKnownFileType = sourcecode.c.h; path = c68k_op2.h; sourceTree = "<group>"; };
		059E3A3510636CC60056A577 /* c68k_op3.h */ = {isa = PBXFileReference; fileEncoding = 4; lastKnownFileType = sourcecode.c.h; path = c68k_op3.h; sourceTree = "<group>"; };
		059E3A3610636CC60056A577 /* c68k_op4.h */ = {isa = PBXFileReference; fileEncoding = 4; lastKnownFileType = sourcecode.c.h; path = c68k_op4.h; sourceTree = "<group>"; };
		059E3A3710636CC60056A577 /* c68k_op5.h */ = {isa = PBXFileReference; fileEncoding = 4; lastKnownFileType = sourcecode.c.h; path = c68k_op5.h; sourceTree = "<group>"; };
		059E3A3810636CC60056A577 /* c68k_op6.h */ = {isa = PBXFileReference; fileEncoding = 4; lastKnownFileType = sourcecode.c.h; path = c68k_op6.h; sourceTree = "<group>"; };
		059E3A3910636CC60056A577 /* c68k_op7.h */ = {isa = PBXFileReference; fileEncoding = 4; lastKnownFileType = sourcecode.c.h; path = c68k_op7.h; sourceTree = "<group>"; };
		059E3A3A10636CC60056A577 /* c68k_op8.h */ = {isa = PBXFileReference; fileEncoding = 4; lastKnownFileType = sourcecode.c.h; path = c68k_op8.h; sourceTree = "<group>"; };
		059E3A3B10636CC60056A577 /* c68k_op9.h */ = {isa = PBXFileReference; fileEncoding = 4; lastKnownFileType = sourcecode.c.h; path = c68k_op9.h; sourceTree = "<group>"; };
		059E3A3C10636CC60056A577 /* c68k_opA.h */ = {isa = PBXFileReference; fileEncoding = 4; lastKnownFileType = sourcecode.c.h; path = c68k_opA.h; sourceTree = "<group>"; };
		059E3A3D10636CC60056A577 /* c68k_opB.h */ = {isa = PBXFileReference; fileEncoding = 4; lastKnownFileType = sourcecode.c.h; path = c68k_opB.h; sourceTree = "<group>"; };
		059E3A3E10636CC60056A577 /* c68k_opC.h */ = {isa = PBXFileReference; fileEncoding = 4; lastKnownFileType = sourcecode.c.h; path = c68k_opC.h; sourceTree = "<group>"; };
		059E3A3F10636CC60056A577 /* c68k_opD.h */ = {isa = PBXFileReference; fileEncoding = 4; lastKnownFileType = sourcecode.c.h; path = c68k_opD.h; sourceTree = "<group>"; };
		059E3A4010636CC60056A577 /* c68k_opE.h */ = {isa = PBXFileReference; fileEncoding = 4; lastKnownFileType = sourcecode.c.h; path = c68k_opE.h; sourceTree = "<group>"; };
		059E3A4110636CC60056A577 /* c68k_opF.h */ = {isa = PBXFileReference; fileEncoding = 4; lastKnownFileType = sourcecode.c.h; path = c68k_opF.h; sourceTree = "<group>"; };
		05B7066D0FD282230081B5C3 /* Entitlements.plist */ = {isa = PBXFileReference; fileEncoding = 4; lastKnownFileType = text.plist.xml; path = Entitlements.plist; sourceTree = "<group>"; };
		05BC17D91070B74E00EABC6E /* Defender OTC1.ADF */ = {isa = PBXFileReference; lastKnownFileType = file; path = "Defender OTC1.ADF"; sourceTree = "<group>"; };
		05BC17DA1070B74E00EABC6E /* Defender OTC2.ADF */ = {isa = PBXFileReference; lastKnownFileType = file; path = "Defender OTC2.ADF"; sourceTree = "<group>"; };
		05BC1AEC1073448200EABC6E /* EMUBrowser.h */ = {isa = PBXFileReference; fileEncoding = 4; lastKnownFileType = sourcecode.c.h; path = EMUBrowser.h; sourceTree = "<group>"; };
		05BC1AED1073448200EABC6E /* EMUBrowser.m */ = {isa = PBXFileReference; fileEncoding = 4; lastKnownFileType = sourcecode.c.objc; path = EMUBrowser.m; sourceTree = "<group>"; };
		05BC1AEE1073448200EABC6E /* EMUFileGroup.h */ = {isa = PBXFileReference; fileEncoding = 4; lastKnownFileType = sourcecode.c.h; path = EMUFileGroup.h; sourceTree = "<group>"; };
		05BC1AEF1073448200EABC6E /* EMUFileGroup.m */ = {isa = PBXFileReference; fileEncoding = 4; lastKnownFileType = sourcecode.c.objc; path = EMUFileGroup.m; sourceTree = "<group>"; };
		05BC1AF01073448200EABC6E /* EMUFileInfo.h */ = {isa = PBXFileReference; fileEncoding = 4; lastKnownFileType = sourcecode.c.h; path = EMUFileInfo.h; sourceTree = "<group>"; };
		05BC1AF11073448200EABC6E /* EMUFileInfo.m */ = {isa = PBXFileReference; fileEncoding = 4; lastKnownFileType = sourcecode.c.objc; path = EMUFileInfo.m; sourceTree = "<group>"; };
		05BC1AF21073448200EABC6E /* EMUROMBrowserView.xib */ = {isa = PBXFileReference; lastKnownFileType = file.xib; path = EMUROMBrowserView.xib; sourceTree = "<group>"; };
		05BC1AF31073448200EABC6E /* EMUROMBrowserViewController.h */ = {isa = PBXFileReference; fileEncoding = 4; lastKnownFileType = sourcecode.c.h; path = EMUROMBrowserViewController.h; sourceTree = "<group>"; };
		05BC1AF41073448200EABC6E /* EMUROMBrowserViewController.mm */ = {isa = PBXFileReference; fileEncoding = 4; lastKnownFileType = sourcecode.cpp.objcpp; path = EMUROMBrowserViewController.mm; sourceTree = "<group>"; };
		05BC1B15107348E500EABC6E /* keys.png */ = {isa = PBXFileReference; lastKnownFileType = image.png; path = keys.png; sourceTree = "<group>"; };
		05BC1B16107348E500EABC6E /* VKBD.PNG */ = {isa = PBXFileReference; lastKnownFileType = image.png; path = VKBD.PNG; sourceTree = "<group>"; };
		05BC1B1A10734C3B00EABC6E /* SettingsController.h */ = {isa = PBXFileReference; fileEncoding = 4; lastKnownFileType = sourcecode.c.h; path = SettingsController.h; sourceTree = "<group>"; };
		05BC1B1B10734C3B00EABC6E /* SettingsController.m */ = {isa = PBXFileReference; fileEncoding = 4; lastKnownFileType = sourcecode.c.objc; path = SettingsController.m; sourceTree = "<group>"; };
		05BC1B1C10734C3B00EABC6E /* SettingsController.xib */ = {isa = PBXFileReference; lastKnownFileType = file.xib; path = SettingsController.xib; sourceTree = "<group>"; };
		05BC1C0010735AA000EABC6E /* R-Type II.adf */ = {isa = PBXFileReference; lastKnownFileType = file; path = "R-Type II.adf"; sourceTree = "<group>"; };
		05BC1C0110735AA000EABC6E /* R-Type.adf */ = {isa = PBXFileReference; lastKnownFileType = file; path = "R-Type.adf"; sourceTree = "<group>"; };
		05BC1C0510735AD600EABC6E /* Kid Chaos 1 of 4.adf */ = {isa = PBXFileReference; lastKnownFileType = file; path = "Kid Chaos 1 of 4.adf"; sourceTree = "<group>"; };
		05BC1C0610735AD600EABC6E /* Kid Chaos 2 of 4.adf */ = {isa = PBXFileReference; lastKnownFileType = file; path = "Kid Chaos 2 of 4.adf"; sourceTree = "<group>"; };
		05BC1C0710735AD600EABC6E /* Kid Chaos 3 of 4.adf */ = {isa = PBXFileReference; lastKnownFileType = file; path = "Kid Chaos 3 of 4.adf"; sourceTree = "<group>"; };
		05BC1C0810735AD600EABC6E /* Kid Chaos 4 of 4.adf */ = {isa = PBXFileReference; lastKnownFileType = file; path = "Kid Chaos 4 of 4.adf"; sourceTree = "<group>"; };
		05BC1C1A10735D7400EABC6E /* Xenon 2.adf */ = {isa = PBXFileReference; lastKnownFileType = file; path = "Xenon 2.adf"; sourceTree = "<group>"; };
		05C8767F106C9E20004A8DC2 /* Ghosts 'N Goblins.adf */ = {isa = PBXFileReference; lastKnownFileType = file; path = "Ghosts 'N Goblins.adf"; sourceTree = "<group>"; };
		05E6A31C0FC3D93B0086151B /* AudioToolbox.framework */ = {isa = PBXFileReference; lastKnownFileType = wrapper.framework; name = AudioToolbox.framework; path = System/Library/Frameworks/AudioToolbox.framework; sourceTree = SDKROOT; };
		05E6A3250FC3DAA90086151B /* sound_iphone.cpp */ = {isa = PBXFileReference; fileEncoding = 4; lastKnownFileType = sourcecode.cpp.cpp; path = sound_iphone.cpp; sourceTree = "<group>"; };
		05ECEA021091A847001A71D0 /* sdl_event.h */ = {isa = PBXFileReference; fileEncoding = 4; lastKnownFileType = sourcecode.c.h; path = sdl_event.h; sourceTree = "<group>"; };
		05ECEA031091A847001A71D0 /* sdl_event.mm */ = {isa = PBXFileReference; fileEncoding = 4; lastKnownFileType = sourcecode.cpp.objcpp; path = sdl_event.mm; sourceTree = "<group>"; };
		05ECEA041091A847001A71D0 /* sdl_internal.h */ = {isa = PBXFileReference; fileEncoding = 4; lastKnownFileType = sourcecode.c.h; path = sdl_internal.h; sourceTree = "<group>"; };
		05ECEA061091A85B001A71D0 /* CNSRecursiveLock.h */ = {isa = PBXFileReference; fileEncoding = 4; lastKnownFileType = sourcecode.c.h; path = CNSRecursiveLock.h; sourceTree = "<group>"; };
		05ECEAA21091B97D001A71D0 /* joystick.png */ = {isa = PBXFileReference; lastKnownFileType = image.png; path = joystick.png; sourceTree = "<group>"; };
		05ECEAA31091B97D001A71D0 /* keyboard.png */ = {isa = PBXFileReference; lastKnownFileType = image.png; path = keyboard.png; sourceTree = "<group>"; };
		05ECEAA41091B97D001A71D0 /* mouse.png */ = {isa = PBXFileReference; lastKnownFileType = image.png; path = mouse.png; sourceTree = "<group>"; };
		05ECEBAD1091CD9A001A71D0 /* Wizball.adf */ = {isa = PBXFileReference; lastKnownFileType = file; path = Wizball.adf; sourceTree = "<group>"; };
		05ECEBB21091CE25001A71D0 /* Lotus Esprit.adf */ = {isa = PBXFileReference; lastKnownFileType = file; path = "Lotus Esprit.adf"; sourceTree = "<group>"; };
		05ECEBB41091CE96001A71D0 /* Silkworm.ADF */ = {isa = PBXFileReference; lastKnownFileType = file; path = Silkworm.ADF; sourceTree = "<group>"; };
		05ECEBB51091CE96001A71D0 /* Speedball.adf */ = {isa = PBXFileReference; lastKnownFileType = file; path = Speedball.adf; sourceTree = "<group>"; };
		05FE7F260FC3EDBF00DBFECF /* AudioQueueManager.h */ = {isa = PBXFileReference; fileEncoding = 4; lastKnownFileType = sourcecode.c.h; path = AudioQueueManager.h; sourceTree = "<group>"; };
		05FE7F270FC3EDBF00DBFECF /* AudioQueueManager.cpp */ = {isa = PBXFileReference; fileEncoding = 4; lastKnownFileType = sourcecode.cpp.cpp; path = AudioQueueManager.cpp; sourceTree = "<group>"; };
		05FE7F290FC3EDC800DBFECF /* RingQ.h */ = {isa = PBXFileReference; fileEncoding = 4; lastKnownFileType = sourcecode.c.h; path = RingQ.h; sourceTree = "<group>"; };
		05FE829D0FC68EED00DBFECF /* Turrican II.adf */ = {isa = PBXFileReference; lastKnownFileType = file; path = "Turrican II.adf"; sourceTree = "<group>"; };
		1D30AB110D05D00D00671497 /* Foundation.framework */ = {isa = PBXFileReference; lastKnownFileType = wrapper.framework; name = Foundation.framework; path = System/Library/Frameworks/Foundation.framework; sourceTree = SDKROOT; };
		1D3623240D0F684500981E51 /* iAmigaAppDelegate.h */ = {isa = PBXFileReference; fileEncoding = 4; lastKnownFileType = sourcecode.c.h; path = iAmigaAppDelegate.h; sourceTree = "<group>"; };
		1D3623250D0F684500981E51 /* iAmigaAppDelegate.mm */ = {isa = PBXFileReference; fileEncoding = 4; lastKnownFileType = sourcecode.cpp.objcpp; path = iAmigaAppDelegate.mm; sourceTree = "<group>"; };
		1D6058910D05DD3D006BFB54 /* iAmiga.app */ = {isa = PBXFileReference; explicitFileType = wrapper.application; includeInIndex = 0; path = iAmiga.app; sourceTree = BUILT_PRODUCTS_DIR; };
		1DF5F4DF0D08C38300B7A737 /* UIKit.framework */ = {isa = PBXFileReference; lastKnownFileType = wrapper.framework; name = UIKit.framework; path = System/Library/Frameworks/UIKit.framework; sourceTree = SDKROOT; };
		288765FC0DF74451002DB57D /* CoreGraphics.framework */ = {isa = PBXFileReference; lastKnownFileType = wrapper.framework; name = CoreGraphics.framework; path = System/Library/Frameworks/CoreGraphics.framework; sourceTree = SDKROOT; };
		28AD733E0D9D9553002E5188 /* MainWindow.xib */ = {isa = PBXFileReference; lastKnownFileType = file.xib; path = MainWindow.xib; sourceTree = "<group>"; };
		29B97316FDCFA39411CA2CEA /* main.mm */ = {isa = PBXFileReference; fileEncoding = 4; lastKnownFileType = sourcecode.cpp.objcpp; path = main.mm; sourceTree = "<group>"; };
		32CA4F630368D1EE00C91783 /* iAmiga_Prefix.pch */ = {isa = PBXFileReference; fileEncoding = 4; lastKnownFileType = sourcecode.c.h; path = iAmiga_Prefix.pch; sourceTree = "<group>"; };
		8D1107310486CEB800E47090 /* Info.plist */ = {isa = PBXFileReference; fileEncoding = 4; lastKnownFileType = text.plist.xml; path = Info.plist; sourceTree = "<group>"; };
/* End PBXFileReference section */

/* Begin PBXFrameworksBuildPhase section */
		1D60588F0D05DD3D006BFB54 /* Frameworks */ = {
			isa = PBXFrameworksBuildPhase;
			buildActionMask = 2147483647;
			files = (
				1D60589F0D05DD5A006BFB54 /* Foundation.framework in Frameworks */,
				1DF5F4E00D08C38300B7A737 /* UIKit.framework in Frameworks */,
				288765FD0DF74451002DB57D /* CoreGraphics.framework in Frameworks */,
				057440690FC2A243003BE251 /* libz.1.2.3.dylib in Frameworks */,
				05E6A31D0FC3D93B0086151B /* AudioToolbox.framework in Frameworks */,
			);
			runOnlyForDeploymentPostprocessing = 0;
		};
/* End PBXFrameworksBuildPhase section */

/* Begin PBXGroup section */
		050414C40FCB455500F46828 /* Emulator */ = {
			isa = PBXGroup;
			children = (
				057442800FC3C25B003BE251 /* DisplayView.h */,
				057442810FC3C25B003BE251 /* DisplayView.mm */,
				0504155A0FCB46F000F46828 /* EmulationViewController.h */,
				0504155B0FCB46F000F46828 /* EmulationViewController.mm */,
				0504155D0FCB475C00F46828 /* InputControllerView.h */,
				0504155E0FCB475C00F46828 /* InputControllerView.mm */,
				0504155F0FCB475C00F46828 /* JoystickViewLandscape.h */,
				050415600FCB475C00F46828 /* JoystickViewLandscape.mm */,
				0585D55D1091640900C1E4C1 /* VirtualKeyboard.h */,
				0585D55E1091640900C1E4C1 /* VirtualKeyboard.m */,
				0585D5601091653E00C1E4C1 /* KeyView.h */,
				0585D5611091653E00C1E4C1 /* KeyView.m */,
			);
			name = Emulator;
			sourceTree = "<group>";
		};
		050415680FCB4BC300F46828 /* Utility */ = {
			isa = PBXGroup;
			children = (
				050415690FCB4BD400F46828 /* CocoaUtility.h */,
				0504156A0FCB4BD400F46828 /* CocoaUtility.m */,
				0504156C0FCB4BE600F46828 /* debug.h */,
			);
			name = Utility;
			sourceTree = "<group>";
		};
		0504161C0FCB566500F46828 /* images */ = {
			isa = PBXGroup;
			children = (
				0504161D0FCB566500F46828 /* emulator */,
			);
			path = images;
			sourceTree = "<group>";
		};
		0504161D0FCB566500F46828 /* emulator */ = {
			isa = PBXGroup;
			children = (
				05ECEA9E1091B960001A71D0 /* input-mode */,
				0504162B0FCB566500F46828 /* landscape */,
				050416300FCB566500F46828 /* ls-bgimage.png */,
				050416310FCB566500F46828 /* ls-fire.png */,
				050416320FCB566500F46828 /* ls-joystick_active.png */,
				050416330FCB566500F46828 /* ls-joystick_rest.png */,
			);
			path = emulator;
			sourceTree = "<group>";
		};
		0504162B0FCB566500F46828 /* landscape */ = {
			isa = PBXGroup;
			children = (
				0504162D0FCB566500F46828 /* ls-fullscreen_bottomBtn.png */,
				0504162E0FCB566500F46828 /* ls-instructions_overlay.png */,
				0504162F0FCB566500F46828 /* ls-overlay-skin.png */,
			);
			path = landscape;
			sourceTree = "<group>";
		};
		051F92E3108462A700C815BE /* p */ = {
			isa = PBXGroup;
			children = (
				051F92E5108462AE00C815BE /* Paradroid 90.adf */,
			);
			name = p;
			sourceTree = "<group>";
		};
		051F92E91084630C00C815BE /* n */ = {
			isa = PBXGroup;
			children = (
				051F92EB1084632400C815BE /* Nebulus.ADF */,
			);
			name = n;
			sourceTree = "<group>";
		};
		0542F18F0FC7E01A00126562 /* i */ = {
			isa = PBXGroup;
			children = (
				0542F18D0FC7E00F00126562 /* IK+.adf */,
			);
			name = i;
			sourceTree = "<group>";
		};
		0542F2610FC8852A00126562 /* uae-src */ = {
			isa = PBXGroup;
			children = (
				054525AF106EC5550032FC41 /* combined_modules.cpp */,
				0552BD1C0F3D797C005B30DF /* sysconfig.h */,
				0552BC9C0F3D797C005B30DF /* audio.cpp */,
				0552BC9D0F3D797C005B30DF /* autoconf.cpp */,
				0552BC9E0F3D797C005B30DF /* blitfunc.cpp */,
				0552BC9F0F3D797C005B30DF /* blittable.cpp */,
				0552BCA00F3D797C005B30DF /* blitter.cpp */,
				0552BCA10F3D797C005B30DF /* cia.cpp */,
				0552BCA30F3D797C005B30DF /* config.h */,
				0552BD1D0F3D797C005B30DF /* target.h */,
				0552BCA40F3D797C005B30DF /* custom.cpp */,
				0552BCA60F3D797C005B30DF /* drawing.cpp */,
				0552BCA50F3D797C005B30DF /* disk.cpp */,
				0552BCA70F3D797C005B30DF /* ersatz.cpp */,
				0552BCA80F3D797C005B30DF /* gfxutil.cpp */,
				0552BCC10F3D797C005B30DF /* gui.cpp */,
				0552BCFA0F3D797C005B30DF /* keybuf.cpp */,
				0552BCFB0F3D797C005B30DF /* linetoscr.h */,
				0552BD0C0F3D797C005B30DF /* uae.cpp */,
				0552BD0E0F3D797C005B30DF /* memory.cpp */,
				0552BD140F3D797C005B30DF /* missing.cpp */,
				0552BD150F3D797C005B30DF /* od-joy.cpp */,
				0552BD160F3D797C005B30DF /* save_icon.h */,
				0552BD180F3D797C005B30DF /* savedisk.h */,
				0552BD170F3D797C005B30DF /* savedisk.cpp */,
				0552BD190F3D797C005B30DF /* sdlgfx.cpp */,
				0552BD1A0F3D797C005B30DF /* sound.cpp */,
				05E6A3250FC3DAA90086151B /* sound_iphone.cpp */,
				0552BD1B0F3D797C005B30DF /* sound_gp2x.cpp */,
				0552BD210F3D797C005B30DF /* writelog.cpp */,
				0552BD220F3D797C005B30DF /* zfile.cpp */,
			);
			name = "uae-src";
			sourceTree = "<group>";
		};
		0542F4090FC8B98900126562 /* o */ = {
			isa = PBXGroup;
			children = (
				0542F40A0FC8B99100126562 /* Odyssey-1.adf */,
			);
			name = o;
			sourceTree = "<group>";
		};
		0552BC9A0F3D7968005B30DF /* uae */ = {
			isa = PBXGroup;
			children = (
				0552BC9B0F3D797C005B30DF /* src */,
			);
			name = uae;
			sourceTree = "<group>";
		};
		0552BC9B0F3D797C005B30DF /* src */ = {
			isa = PBXGroup;
			children = (
				05743F6C0FC28C5C003BE251 /* iphone */,
				0552BCA90F3D797C005B30DF /* gp2x */,
				0552BCFC0F3D797C005B30DF /* m68k */,
				0552BD0F0F3D797C005B30DF /* menu */,
				0552BD1E0F3D797C005B30DF /* vkbd */,
				0552BCC20F3D797C005B30DF /* include */,
				0542F2610FC8852A00126562 /* uae-src */,
			);
			name = src;
			path = uae4all_gp2x_0.7.2a/src;
			sourceTree = "<group>";
		};
		0552BCA90F3D797C005B30DF /* gp2x */ = {
			isa = PBXGroup;
			children = (
				0552BCB70F3D797C005B30DF /* menu */,
				0552BCB00F3D797C005B30DF /* gp2x.cpp */,
				0552BCB10F3D797C005B30DF /* gp2x.h */,
				0552BCB20F3D797C005B30DF /* gp2xutil.h */,
				0552BCB30F3D797C005B30DF /* inputmode.cpp */,
				0552BCB40F3D797C005B30DF /* inputmode.h */,
				0552BCB50F3D797C005B30DF /* memcpy.s */,
				0552BCB60F3D797C005B30DF /* memset.s */,
				0552BCBF0F3D797C005B30DF /* volumecontrol.cpp */,
				0552BCC00F3D797C005B30DF /* volumecontrol.h */,
			);
			path = gp2x;
			sourceTree = "<group>";
		};
		0552BCB70F3D797C005B30DF /* menu */ = {
			isa = PBXGroup;
			children = (
				0552BCB80F3D797C005B30DF /* menu.cpp */,
				0552BCB90F3D797C005B30DF /* menu.h */,
				0552BCBA0F3D797C005B30DF /* menu_fileinfo.cpp */,
				0552BCBB0F3D797C005B30DF /* menu_load.cpp */,
				0552BCBC0F3D797C005B30DF /* menu_main.cpp */,
				0552BCBD0F3D797C005B30DF /* menu_overclock.cpp */,
				0552BCBE0F3D797C005B30DF /* msg.h */,
			);
			path = menu;
			sourceTree = "<group>";
		};
		0552BCC20F3D797C005B30DF /* include */ = {
			isa = PBXGroup;
			children = (
				0552BCC30F3D797C005B30DF /* audio.h */,
				0552BCC40F3D797C005B30DF /* autoconf.h */,
				0552BCC50F3D797C005B30DF /* blit.h */,
				0552BCC60F3D797C005B30DF /* blitfunc.h */,
				0552BCC70F3D797C005B30DF /* blitter.h */,
				0552BCC90F3D797C005B30DF /* cia.h */,
				0552BCCC0F3D797C005B30DF /* custom.h */,
				0552BCCE0F3D797C005B30DF /* debug_uae4all.h */,
				0552BCCF0F3D797C005B30DF /* disk.h */,
				0552BCD00F3D797C005B30DF /* drawing.h */,
				0552BCD10F3D797C005B30DF /* ersatz.h */,
				0552BCD20F3D797C005B30DF /* events.h */,
				0545257C106EBB590032FC41 /* Events2.h */,
				0545257D106EBB590032FC41 /* Events2.c */,
				0552BCD30F3D797C005B30DF /* execlib.h */,
				0552BCD50F3D797C005B30DF /* fetch_prepared.h */,
				0552BCD60F3D797C005B30DF /* filesys.h */,
				0552BCDC0F3D797C005B30DF /* gensound.h */,
				0552BCDD0F3D797C005B30DF /* gui.h */,
				0552BCDF0F3D797C005B30DF /* imask_tab.h */,
				0552BCE00F3D797C005B30DF /* joystick.h */,
				0552BCE10F3D797C005B30DF /* keyboard.h */,
				0552BCE20F3D797C005B30DF /* keybuf.h */,
				0552BCE30F3D797C005B30DF /* maccess.h */,
				0552BCE60F3D797C005B30DF /* memory.h */,
				0552BCE80F3D797C005B30DF /* options.h */,
				0552BCEB0F3D797C005B30DF /* rpt.h */,
				0552BCEC0F3D797C005B30DF /* savestate.h */,
				0552BCEF0F3D797C005B30DF /* sound.h */,
				0552BCF30F3D797C005B30DF /* sysdeps.h */,
				0552BCF40F3D797C005B30DF /* thread.h */,
				0552BCF60F3D797C005B30DF /* uae.h */,
				0552BCF80F3D797C005B30DF /* xwin.h */,
				0552BCF90F3D797C005B30DF /* zfile.h */,
			);
			path = include;
			sourceTree = "<group>";
		};
		0552BCFC0F3D797C005B30DF /* m68k */ = {
			isa = PBXGroup;
			children = (
				059E382510634D3C0056A577 /* sgc */,
				0552BCFD0F3D797C005B30DF /* cyclone */,
				0552BD040F3D797C005B30DF /* fame */,
				0552BD030F3D797C005B30DF /* debug_m68k.h */,
				0552BD0A0F3D797C005B30DF /* m68k_cmn_intrf.cpp */,
				0552BD0B0F3D797C005B30DF /* m68k_intrf.h */,
			);
			path = m68k;
			sourceTree = "<group>";
		};
		0552BCFD0F3D797C005B30DF /* cyclone */ = {
			isa = PBXGroup;
			children = (
				0552BCFE0F3D797C005B30DF /* config.h */,
				0552BCFF0F3D797C005B30DF /* cyclone.h */,
				0552BD000F3D797C005B30DF /* cyclone.s */,
				0552BD010F3D797C005B30DF /* m68k_intrf.cpp */,
				0552BD020F3D797C005B30DF /* memhandlers.s */,
			);
			path = cyclone;
			sourceTree = "<group>";
		};
		0552BD040F3D797C005B30DF /* fame */ = {
			isa = PBXGroup;
			children = (
				0552BD050F3D797C005B30DF /* fame.h */,
				0552BD060F3D797C005B30DF /* famec.cpp */,
				0552BD070F3D797C005B30DF /* famec_debug.cpp */,
				0552BD080F3D797C005B30DF /* famec_opcodes.h */,
				0552BD090F3D797C005B30DF /* m68k_intrf.cpp */,
			);
			path = fame;
			sourceTree = "<group>";
		};
		0552BD0F0F3D797C005B30DF /* menu */ = {
			isa = PBXGroup;
			children = (
				0552BD100F3D797C005B30DF /* fade.cpp */,
				0552BD110F3D797C005B30DF /* fade.h */,
				0552BD120F3D797C005B30DF /* menu_load.cpp */,
				0552BD130F3D797C005B30DF /* msg.h */,
			);
			path = menu;
			sourceTree = "<group>";
		};
		0552BD1E0F3D797C005B30DF /* vkbd */ = {
			isa = PBXGroup;
			children = (
				05BC1B15107348E500EABC6E /* keys.png */,
				05BC1B16107348E500EABC6E /* VKBD.PNG */,
				0552BD200F3D797C005B30DF /* vkbd.h */,
				0552BD1F0F3D797C005B30DF /* vkbd.cpp */,
			);
			path = vkbd;
			sourceTree = "<group>";
		};
		05743F6C0FC28C5C003BE251 /* iphone */ = {
			isa = PBXGroup;
			children = (
				05E6A30D0FC3D8EA0086151B /* audio */,
				05ECEA061091A85B001A71D0 /* CNSRecursiveLock.h */,
				05743F6D0FC28C6A003BE251 /* SDL.h */,
				0574402B0FC29FBE003BE251 /* SDL.mm */,
				05743FDA0FC299FE003BE251 /* SDL_endian.h */,
				05ECEA021091A847001A71D0 /* sdl_event.h */,
				05ECEA031091A847001A71D0 /* sdl_event.mm */,
				05ECEA041091A847001A71D0 /* sdl_internal.h */,
				05743FC30FC293FD003BE251 /* iphone_main.h */,
				05743FC40FC293FD003BE251 /* iphone_main.mm */,
				050415630FCB47B200F46828 /* CGVector.h */,
				050415640FCB47B200F46828 /* touchstick.h */,
				057B0D4A0FD0D0ED00D549AD /* MMStopWatch.h */,
				057B0D4B0FD0D0ED00D549AD /* MMStopWatch.m */,
			);
			path = iphone;
			sourceTree = "<group>";
		};
		057440D40FC2A4A7003BE251 /* roms */ = {
			isa = PBXGroup;
			children = (
				057440D50FC2A4A7003BE251 /* kick.rom */,
				057443290FC3C94F003BE251 /* kick13.rom */,
			);
			path = roms;
			sourceTree = "<group>";
		};
		057443530FC3CA04003BE251 /* disks */ = {
			isa = PBXGroup;
			children = (
				05BC17D81070B74E00EABC6E /* d */,
				05C87678106C9D3A004A8DC2 /* g */,
				0542F18F0FC7E01A00126562 /* i */,
				05BC1C0410735AD600EABC6E /* k */,
				05ECEBB11091CE03001A71D0 /* l */,
				051F92E91084630C00C815BE /* n */,
				0542F4090FC8B98900126562 /* o */,
				051F92E3108462A700C815BE /* p */,
				05FE82980FC68EE000DBFECF /* t */,
				05BC1BFF10735A9F00EABC6E /* r */,
				057443540FC3CA04003BE251 /* s */,
				05ECEBAC1091CD86001A71D0 /* w */,
				05BC1BF810735A3400EABC6E /* x */,
			);
			path = disks;
			sourceTree = "<group>";
		};
		057443540FC3CA04003BE251 /* s */ = {
			isa = PBXGroup;
			children = (
				05ECEBB41091CE96001A71D0 /* Silkworm.ADF */,
				05ECEBB51091CE96001A71D0 /* Speedball.adf */,
				057443550FC3CA04003BE251 /* Shadow OTB1.ADF */,
				057443560FC3CA04003BE251 /* Shadow OTB2.ADF */,
			);
			path = s;
			sourceTree = "<group>";
		};
		059E382510634D3C0056A577 /* sgc */ = {
			isa = PBXGroup;
			children = (
				059E3A2910636CBD0056A577 /* opcodes */,
				059E3A2510636CBA0056A577 /* fame_arm.h */,
				059E3A2410636CBA0056A577 /* fame_arm.cpp */,
				059E3A2610636CBA0056A577 /* m68k_interface.cpp */,
			);
			path = sgc;
			sourceTree = "<group>";
		};
		059E3A2910636CBD0056A577 /* opcodes */ = {
			isa = PBXGroup;
			children = (
				059E3A3010636CC60056A577 /* c68k_ini.h */,
				059E3A3110636CC60056A577 /* c68k_misc.h */,
				059E3A3210636CC60056A577 /* c68k_op0.h */,
				059E3A3310636CC60056A577 /* c68k_op1.h */,
				059E3A3410636CC60056A577 /* c68k_op2.h */,
				059E3A3510636CC60056A577 /* c68k_op3.h */,
				059E3A3610636CC60056A577 /* c68k_op4.h */,
				059E3A3710636CC60056A577 /* c68k_op5.h */,
				059E3A3810636CC60056A577 /* c68k_op6.h */,
				059E3A3910636CC60056A577 /* c68k_op7.h */,
				059E3A3A10636CC60056A577 /* c68k_op8.h */,
				059E3A3B10636CC60056A577 /* c68k_op9.h */,
				059E3A3C10636CC60056A577 /* c68k_opA.h */,
				059E3A3D10636CC60056A577 /* c68k_opB.h */,
				059E3A3E10636CC60056A577 /* c68k_opC.h */,
				059E3A3F10636CC60056A577 /* c68k_opD.h */,
				059E3A4010636CC60056A577 /* c68k_opE.h */,
				059E3A4110636CC60056A577 /* c68k_opF.h */,
			);
			name = opcodes;
			sourceTree = "<group>";
		};
		05BC17D81070B74E00EABC6E /* d */ = {
			isa = PBXGroup;
			children = (
				05BC17D91070B74E00EABC6E /* Defender OTC1.ADF */,
				05BC17DA1070B74E00EABC6E /* Defender OTC2.ADF */,
			);
			path = d;
			sourceTree = "<group>";
		};
		05BC1AEB1073448200EABC6E /* File Browser */ = {
			isa = PBXGroup;
			children = (
				05BC1AEC1073448200EABC6E /* EMUBrowser.h */,
				05BC1AED1073448200EABC6E /* EMUBrowser.m */,
				05BC1AEE1073448200EABC6E /* EMUFileGroup.h */,
				05BC1AEF1073448200EABC6E /* EMUFileGroup.m */,
				05BC1AF01073448200EABC6E /* EMUFileInfo.h */,
				05BC1AF11073448200EABC6E /* EMUFileInfo.m */,
				05BC1AF21073448200EABC6E /* EMUROMBrowserView.xib */,
				05BC1AF31073448200EABC6E /* EMUROMBrowserViewController.h */,
				05BC1AF41073448200EABC6E /* EMUROMBrowserViewController.mm */,
			);
			path = "File Browser";
			sourceTree = "<group>";
		};
		05BC1B1910734C0700EABC6E /* Settings */ = {
			isa = PBXGroup;
			children = (
				05BC1B1A10734C3B00EABC6E /* SettingsController.h */,
				05BC1B1B10734C3B00EABC6E /* SettingsController.m */,
				05BC1B1C10734C3B00EABC6E /* SettingsController.xib */,
			);
			name = Settings;
			sourceTree = "<group>";
		};
		05BC1BF810735A3400EABC6E /* x */ = {
			isa = PBXGroup;
			children = (
				05BC1C1A10735D7400EABC6E /* Xenon 2.adf */,
			);
			path = x;
			sourceTree = "<group>";
		};
		05BC1BFF10735A9F00EABC6E /* r */ = {
			isa = PBXGroup;
			children = (
				05BC1C0010735AA000EABC6E /* R-Type II.adf */,
				05BC1C0110735AA000EABC6E /* R-Type.adf */,
			);
			path = r;
			sourceTree = "<group>";
		};
		05BC1C0410735AD600EABC6E /* k */ = {
			isa = PBXGroup;
			children = (
				05BC1C0510735AD600EABC6E /* Kid Chaos 1 of 4.adf */,
				05BC1C0610735AD600EABC6E /* Kid Chaos 2 of 4.adf */,
				05BC1C0710735AD600EABC6E /* Kid Chaos 3 of 4.adf */,
				05BC1C0810735AD600EABC6E /* Kid Chaos 4 of 4.adf */,
			);
			path = k;
			sourceTree = "<group>";
		};
		05C87678106C9D3A004A8DC2 /* g */ = {
			isa = PBXGroup;
			children = (
				051F92ED1084644D00C815BE /* Gods 1.ADF */,
				051F92EE1084644D00C815BE /* Gods 2.ADF */,
				05C8767F106C9E20004A8DC2 /* Ghosts 'N Goblins.adf */,
			);
			path = g;
			sourceTree = "<group>";
		};
		05E6A30D0FC3D8EA0086151B /* audio */ = {
			isa = PBXGroup;
			children = (
				05FE7F260FC3EDBF00DBFECF /* AudioQueueManager.h */,
				05FE7F270FC3EDBF00DBFECF /* AudioQueueManager.cpp */,
				05FE7F290FC3EDC800DBFECF /* RingQ.h */,
			);
			name = audio;
			sourceTree = "<group>";
		};
		05ECEA9E1091B960001A71D0 /* input-mode */ = {
			isa = PBXGroup;
			children = (
				05ECEAA21091B97D001A71D0 /* joystick.png */,
				05ECEAA31091B97D001A71D0 /* keyboard.png */,
				05ECEAA41091B97D001A71D0 /* mouse.png */,
			);
			path = "input-mode";
			sourceTree = "<group>";
		};
		05ECEBAC1091CD86001A71D0 /* w */ = {
			isa = PBXGroup;
			children = (
				05ECEBAD1091CD9A001A71D0 /* Wizball.adf */,
			);
			path = w;
			sourceTree = "<group>";
		};
		05ECEBB11091CE03001A71D0 /* l */ = {
			isa = PBXGroup;
			children = (
				05ECEBB21091CE25001A71D0 /* Lotus Esprit.adf */,
			);
			path = l;
			sourceTree = "<group>";
		};
		05FE82980FC68EE000DBFECF /* t */ = {
			isa = PBXGroup;
			children = (
				05FE829D0FC68EED00DBFECF /* Turrican II.adf */,
			);
			name = t;
			sourceTree = "<group>";
		};
		080E96DDFE201D6D7F000001 /* Classes */ = {
			isa = PBXGroup;
			children = (
				05BC1AEB1073448200EABC6E /* File Browser */,
				050414C40FCB455500F46828 /* Emulator */,
				05BC1B1910734C0700EABC6E /* Settings */,
				050415680FCB4BC300F46828 /* Utility */,
				1D3623240D0F684500981E51 /* iAmigaAppDelegate.h */,
				1D3623250D0F684500981E51 /* iAmigaAppDelegate.mm */,
			);
			path = Classes;
			sourceTree = "<group>";
		};
		19C28FACFE9D520D11CA2CBB /* Products */ = {
			isa = PBXGroup;
			children = (
				1D6058910D05DD3D006BFB54 /* iAmiga.app */,
			);
			name = Products;
			sourceTree = "<group>";
		};
		29B97314FDCFA39411CA2CEA /* CustomTemplate */ = {
			isa = PBXGroup;
			children = (
				080E96DDFE201D6D7F000001 /* Classes */,
				29B97315FDCFA39411CA2CEA /* Other Sources */,
				29B97317FDCFA39411CA2CEA /* Resources */,
				29B97323FDCFA39411CA2CEA /* Frameworks */,
				19C28FACFE9D520D11CA2CBB /* Products */,
			);
			name = CustomTemplate;
			sourceTree = "<group>";
		};
		29B97315FDCFA39411CA2CEA /* Other Sources */ = {
			isa = PBXGroup;
			children = (
				0552BC9A0F3D7968005B30DF /* uae */,
				32CA4F630368D1EE00C91783 /* iAmiga_Prefix.pch */,
				29B97316FDCFA39411CA2CEA /* main.mm */,
			);
			name = "Other Sources";
			sourceTree = "<group>";
		};
		29B97317FDCFA39411CA2CEA /* Resources */ = {
			isa = PBXGroup;
			children = (
				057443530FC3CA04003BE251 /* disks */,
				057440D40FC2A4A7003BE251 /* roms */,
				0504161C0FCB566500F46828 /* images */,
				28AD733E0D9D9553002E5188 /* MainWindow.xib */,
				8D1107310486CEB800E47090 /* Info.plist */,
				05B7066D0FD282230081B5C3 /* Entitlements.plist */,
			);
			name = Resources;
			sourceTree = "<group>";
		};
		29B97323FDCFA39411CA2CEA /* Frameworks */ = {
			isa = PBXGroup;
			children = (
				05E6A31C0FC3D93B0086151B /* AudioToolbox.framework */,
				1DF5F4DF0D08C38300B7A737 /* UIKit.framework */,
				1D30AB110D05D00D00671497 /* Foundation.framework */,
				288765FC0DF74451002DB57D /* CoreGraphics.framework */,
				057440680FC2A243003BE251 /* libz.1.2.3.dylib */,
			);
			name = Frameworks;
			sourceTree = "<group>";
		};
/* End PBXGroup section */

/* Begin PBXNativeTarget section */
		1D6058900D05DD3D006BFB54 /* iAmiga */ = {
			isa = PBXNativeTarget;
			buildConfigurationList = 1D6058960D05DD3E006BFB54 /* Build configuration list for PBXNativeTarget "iAmiga" */;
			buildPhases = (
				1D60588D0D05DD3D006BFB54 /* Resources */,
				1D60588E0D05DD3D006BFB54 /* Sources */,
				1D60588F0D05DD3D006BFB54 /* Frameworks */,
			);
			buildRules = (
			);
			dependencies = (
			);
			name = iAmiga;
			productName = iAmiga;
			productReference = 1D6058910D05DD3D006BFB54 /* iAmiga.app */;
			productType = "com.apple.product-type.application";
		};
/* End PBXNativeTarget section */

/* Begin PBXProject section */
		29B97313FDCFA39411CA2CEA /* Project object */ = {
			isa = PBXProject;
			buildConfigurationList = C01FCF4E08A954540054247B /* Build configuration list for PBXProject "iAmiga" */;
			compatibilityVersion = "Xcode 3.2";
			hasScannedForEncodings = 1;
			mainGroup = 29B97314FDCFA39411CA2CEA /* CustomTemplate */;
			projectDirPath = "";
			projectRoot = "";
			targets = (
				1D6058900D05DD3D006BFB54 /* iAmiga */,
			);
		};
/* End PBXProject section */

/* Begin PBXResourcesBuildPhase section */
		1D60588D0D05DD3D006BFB54 /* Resources */ = {
			isa = PBXResourcesBuildPhase;
			buildActionMask = 2147483647;
			files = (
				05BC1BE6107357EC00EABC6E /* Shadow OTB1.ADF in Resources */,
				05BC1BE7107357EC00EABC6E /* Shadow OTB2.ADF in Resources */,
				28AD733F0D9D9553002E5188 /* MainWindow.xib in Resources */,
				057440D60FC2A4A7003BE251 /* kick.rom in Resources */,
				0574432A0FC3C94F003BE251 /* kick13.rom in Resources */,
				0542F40B0FC8B99100126562 /* Odyssey-1.adf in Resources */,
				050416780FCB588E00F46828 /* Turrican II.adf in Resources */,
				0504166C0FCB571B00F46828 /* IK+.adf in Resources */,
				050416410FCB566500F46828 /* ls-fullscreen_bottomBtn.png in Resources */,
				050416420FCB566500F46828 /* ls-instructions_overlay.png in Resources */,
				050416430FCB566500F46828 /* ls-overlay-skin.png in Resources */,
				050416440FCB566500F46828 /* ls-bgimage.png in Resources */,
				050416450FCB566500F46828 /* ls-fire.png in Resources */,
				050416460FCB566500F46828 /* ls-joystick_active.png in Resources */,
				050416470FCB566500F46828 /* ls-joystick_rest.png in Resources */,
				05B7066E0FD282230081B5C3 /* Entitlements.plist in Resources */,
				05C87680106C9E20004A8DC2 /* Ghosts 'N Goblins.adf in Resources */,
				05BC17DB1070B74E00EABC6E /* Defender OTC1.ADF in Resources */,
				05BC17DC1070B74E00EABC6E /* Defender OTC2.ADF in Resources */,
				05BC1AF81073448200EABC6E /* EMUROMBrowserView.xib in Resources */,
				05BC1B17107348E500EABC6E /* keys.png in Resources */,
				05BC1B18107348E500EABC6E /* VKBD.PNG in Resources */,
				05BC1B1E10734C3B00EABC6E /* SettingsController.xib in Resources */,
				05BC1C0210735AA000EABC6E /* R-Type II.adf in Resources */,
				05BC1C0310735AA000EABC6E /* R-Type.adf in Resources */,
				05BC1C0910735AD600EABC6E /* Kid Chaos 1 of 4.adf in Resources */,
				05BC1C0A10735AD600EABC6E /* Kid Chaos 2 of 4.adf in Resources */,
				05BC1C0B10735AD600EABC6E /* Kid Chaos 3 of 4.adf in Resources */,
				05BC1C0C10735AD600EABC6E /* Kid Chaos 4 of 4.adf in Resources */,
				05BC1C1B10735D7400EABC6E /* Xenon 2.adf in Resources */,
				051F92E6108462AE00C815BE /* Paradroid 90.adf in Resources */,
				051F92EC1084632400C815BE /* Nebulus.ADF in Resources */,
				051F92EF1084644D00C815BE /* Gods 1.ADF in Resources */,
				051F92F01084644D00C815BE /* Gods 2.ADF in Resources */,
				05ECEAA51091B97D001A71D0 /* joystick.png in Resources */,
				05ECEAA61091B97D001A71D0 /* keyboard.png in Resources */,
				05ECEAA71091B97D001A71D0 /* mouse.png in Resources */,
				05ECEBAE1091CD9A001A71D0 /* Wizball.adf in Resources */,
				05ECEBB31091CE25001A71D0 /* Lotus Esprit.adf in Resources */,
				05ECEBB61091CE96001A71D0 /* Silkworm.ADF in Resources */,
				05ECEBB71091CE96001A71D0 /* Speedball.adf in Resources */,
			);
			runOnlyForDeploymentPostprocessing = 0;
		};
/* End PBXResourcesBuildPhase section */

/* Begin PBXSourcesBuildPhase section */
		1D60588E0D05DD3D006BFB54 /* Sources */ = {
			isa = PBXSourcesBuildPhase;
			buildActionMask = 2147483647;
			files = (
				05D5D74C0FD5E38400B91C98 /* m68k_intrf.cpp in Sources */,
				1D60589B0D05DD56006BFB54 /* main.mm in Sources */,
				1D3623260D0F684500981E51 /* iAmigaAppDelegate.mm in Sources */,
				0552BD240F3D797C005B30DF /* autoconf.cpp in Sources */,
				0552BD250F3D797C005B30DF /* blitfunc.cpp in Sources */,
				0552BD260F3D797C005B30DF /* blittable.cpp in Sources */,
				0552BD270F3D797C005B30DF /* blitter.cpp in Sources */,
				0552BD280F3D797C005B30DF /* cia.cpp in Sources */,
				0552BD2D0F3D797C005B30DF /* ersatz.cpp in Sources */,
				0552BD2E0F3D797C005B30DF /* gfxutil.cpp in Sources */,
				0552BD410F3D797C005B30DF /* keybuf.cpp in Sources */,
				0552BD450F3D797C005B30DF /* famec.cpp in Sources */,
				0552BD470F3D797C005B30DF /* m68k_intrf.cpp in Sources */,
				0552BD490F3D797C005B30DF /* uae.cpp in Sources */,
				0552BD4B0F3D797C005B30DF /* memory.cpp in Sources */,
				0552BD4C0F3D797C005B30DF /* fade.cpp in Sources */,
				0552BD4E0F3D797C005B30DF /* missing.cpp in Sources */,
				0552BD4F0F3D797C005B30DF /* od-joy.cpp in Sources */,
				0552BD500F3D797C005B30DF /* savedisk.cpp in Sources */,
				0552BD510F3D797C005B30DF /* sdlgfx.cpp in Sources */,
				0552BD540F3D797C005B30DF /* vkbd.cpp in Sources */,
				0552BD550F3D797C005B30DF /* writelog.cpp in Sources */,
				0552BD560F3D797C005B30DF /* zfile.cpp in Sources */,
				05743FC50FC293FD003BE251 /* iphone_main.mm in Sources */,
				0574402C0FC29FBE003BE251 /* SDL.mm in Sources */,
				057442820FC3C25B003BE251 /* DisplayView.mm in Sources */,
				05FE7F280FC3EDBF00DBFECF /* AudioQueueManager.cpp in Sources */,
				0504155C0FCB46F000F46828 /* EmulationViewController.mm in Sources */,
				050415610FCB475C00F46828 /* InputControllerView.mm in Sources */,
				050415620FCB475C00F46828 /* JoystickViewLandscape.mm in Sources */,
				0504156B0FCB4BD400F46828 /* CocoaUtility.m in Sources */,
				057B0D4C0FD0D0ED00D549AD /* MMStopWatch.m in Sources */,
				059E3A2710636CBA0056A577 /* fame_arm.cpp in Sources */,
				059E3A2810636CBA0056A577 /* m68k_interface.cpp in Sources */,
				0545257E106EBB590032FC41 /* Events2.c in Sources */,
				054525B0106EC5550032FC41 /* combined_modules.cpp in Sources */,
				05BC1AF51073448200EABC6E /* EMUBrowser.m in Sources */,
				05BC1AF61073448200EABC6E /* EMUFileGroup.m in Sources */,
				05BC1AF71073448200EABC6E /* EMUFileInfo.m in Sources */,
				05BC1AF91073448200EABC6E /* EMUROMBrowserViewController.mm in Sources */,
				05BC1B1D10734C3B00EABC6E /* SettingsController.m in Sources */,
				0585D55F1091640900C1E4C1 /* VirtualKeyboard.m in Sources */,
				0585D5621091653E00C1E4C1 /* KeyView.m in Sources */,
				05ECEA051091A847001A71D0 /* sdl_event.mm in Sources */,
			);
			runOnlyForDeploymentPostprocessing = 0;
		};
/* End PBXSourcesBuildPhase section */

/* Begin XCBuildConfiguration section */
		05B706690FD282000081B5C3 /* Distribution */ = {
			isa = XCBuildConfiguration;
			buildSettings = {
				ARCHS = "$(ARCHS_UNIVERSAL_IPHONE_OS)";
				CODE_SIGN_ENTITLEMENTS = Entitlements.plist;
				"CODE_SIGN_IDENTITY[sdk=iphoneos*]" = "iPhone Distribution";
				GCC_CHAR_IS_UNSIGNED_CHAR = YES;
				GCC_C_LANGUAGE_STANDARD = c99;
				GCC_DYNAMIC_NO_PIC = YES;
				GCC_FAST_MATH = YES;
				GCC_GENERATE_DEBUGGING_SYMBOLS = NO;
				GCC_OPTIMIZATION_LEVEL = 3;
				GCC_PREPROCESSOR_DEFINITIONS = (
					IPHONE,
					NDEBUG,
				);
				GCC_THREADSAFE_STATICS = NO;
				GCC_THUMB_SUPPORT = NO;
				GCC_UNROLL_LOOPS = YES;
				GCC_WARN_ABOUT_RETURN_TYPE = YES;
				GCC_WARN_TYPECHECK_CALLS_TO_PRINTF = YES;
				GCC_WARN_UNINITIALIZED_AUTOS = YES;
				GCC_WARN_UNUSED_VARIABLE = YES;
				HEADER_SEARCH_PATHS = (
					uae4all_gp2x_0.7.2a/src,
					uae4all_gp2x_0.7.2a/src/iphone,
				);
				OTHER_CFLAGS = (
					"-finline-functions",
					"-fno-PIE",
					"-fomit-frame-pointer",
					"-mstructure-size-boundary=32",
					"-fexpensive-optimizations",
					"-fweb",
					"-falign-functions=32",
					"-falign-loops",
					"-falign-labels",
					"-falign-jumps",
				);
				PREBINDING = NO;
				"PROVISIONING_PROFILE[sdk=iphoneos*]" = "";
				SDKROOT = iphoneos3.0;
			};
			name = Distribution;
		};
		05B7066A0FD282000081B5C3 /* Distribution */ = {
			isa = XCBuildConfiguration;
			buildSettings = {
				ALWAYS_SEARCH_USER_PATHS = NO;
				COPY_PHASE_STRIP = YES;
				GCC_PRECOMPILE_PREFIX_HEADER = YES;
				GCC_PREFIX_HEADER = iAmiga_Prefix.pch;
				INFOPLIST_FILE = Info.plist;
				PRODUCT_NAME = iAmiga;
			};
			name = Distribution;
		};
		1D6058940D05DD3E006BFB54 /* Debug */ = {
			isa = XCBuildConfiguration;
			buildSettings = {
				ALWAYS_SEARCH_USER_PATHS = NO;
				COPY_PHASE_STRIP = NO;
				GCC_DYNAMIC_NO_PIC = NO;
				GCC_OPTIMIZATION_LEVEL = 0;
				GCC_PRECOMPILE_PREFIX_HEADER = YES;
				GCC_PREFIX_HEADER = iAmiga_Prefix.pch;
				INFOPLIST_FILE = Info.plist;
				PRODUCT_NAME = iAmiga;
			};
			name = Debug;
		};
		1D6058950D05DD3E006BFB54 /* Release */ = {
			isa = XCBuildConfiguration;
			buildSettings = {
				ALWAYS_SEARCH_USER_PATHS = NO;
				COPY_PHASE_STRIP = YES;
				GCC_PRECOMPILE_PREFIX_HEADER = YES;
				GCC_PREFIX_HEADER = iAmiga_Prefix.pch;
				INFOPLIST_FILE = Info.plist;
				PRODUCT_NAME = iAmiga;
			};
			name = Release;
		};
		C01FCF4F08A954540054247B /* Debug */ = {
			isa = XCBuildConfiguration;
			buildSettings = {
				ARCHS = "$(ARCHS_UNIVERSAL_IPHONE_OS)";
				"CODE_SIGN_IDENTITY[sdk=iphoneos*]" = "iPhone Developer";
				GCC_CHAR_IS_UNSIGNED_CHAR = YES;
				GCC_C_LANGUAGE_STANDARD = c99;
				GCC_DYNAMIC_NO_PIC = YES;
				GCC_FAST_MATH = NO;
				GCC_PREPROCESSOR_DEFINITIONS = (
					IPHONE,
					DEBUG,
				);
				GCC_THREADSAFE_STATICS = NO;
				GCC_THUMB_SUPPORT = NO;
				GCC_UNROLL_LOOPS = NO;
				GCC_WARN_ABOUT_RETURN_TYPE = YES;
				GCC_WARN_TYPECHECK_CALLS_TO_PRINTF = YES;
				GCC_WARN_UNINITIALIZED_AUTOS = YES;
				GCC_WARN_UNUSED_VARIABLE = YES;
				HEADER_SEARCH_PATHS = (
					uae4all_gp2x_0.7.2a/src,
					uae4all_gp2x_0.7.2a/src/iphone,
				);
				ONLY_ACTIVE_ARCH = YES;
				OTHER_CFLAGS = "";
				PREBINDING = NO;
				SDKROOT = iphoneos3.0;
			};
			name = Debug;
		};
		C01FCF5008A954540054247B /* Release */ = {
			isa = XCBuildConfiguration;
			buildSettings = {
				ARCHS = "$(ARCHS_UNIVERSAL_IPHONE_OS)";
				"CODE_SIGN_IDENTITY[sdk=iphoneos*]" = "iPhone Developer";
				GCC_CHAR_IS_UNSIGNED_CHAR = YES;
				GCC_C_LANGUAGE_STANDARD = c99;
				GCC_DYNAMIC_NO_PIC = YES;
				GCC_FAST_MATH = YES;
				GCC_OPTIMIZATION_LEVEL = 3;
				GCC_PREPROCESSOR_DEFINITIONS = (
					IPHONE,
					NDEBUG,
				);
				GCC_STRICT_ALIASING = YES;
				GCC_THREADSAFE_STATICS = NO;
				GCC_THUMB_SUPPORT = NO;
				GCC_UNROLL_LOOPS = YES;
				GCC_WARN_ABOUT_RETURN_TYPE = YES;
				GCC_WARN_TYPECHECK_CALLS_TO_PRINTF = YES;
				GCC_WARN_UNINITIALIZED_AUTOS = YES;
				GCC_WARN_UNUSED_VARIABLE = YES;
				HEADER_SEARCH_PATHS = (
					uae4all_gp2x_0.7.2a/src,
					uae4all_gp2x_0.7.2a/src/iphone,
				);
				ONLY_ACTIVE_ARCH = YES;
				OTHER_CFLAGS = (
					"-finline-functions",
					"-fno-PIE",
					"-fexpensive-optimizations",
					"-fweb",
					"-falign-functions=32",
					"-falign-loops",
					"-falign-labels",
					"-falign-jumps",
				);
				PREBINDING = NO;
				"PROVISIONING_PROFILE[sdk=iphoneos*]" = "";
				SDKROOT = iphoneos3.0;
			};
			name = Release;
		};
/* End XCBuildConfiguration section */

/* Begin XCConfigurationList section */
		1D6058960D05DD3E006BFB54 /* Build configuration list for PBXNativeTarget "iAmiga" */ = {
			isa = XCConfigurationList;
			buildConfigurations = (
				1D6058940D05DD3E006BFB54 /* Debug */,
				1D6058950D05DD3E006BFB54 /* Release */,
				05B7066A0FD282000081B5C3 /* Distribution */,
			);
			defaultConfigurationIsVisible = 0;
			defaultConfigurationName = Release;
		};
		C01FCF4E08A954540054247B /* Build configuration list for PBXProject "iAmiga" */ = {
			isa = XCConfigurationList;
			buildConfigurations = (
				C01FCF4F08A954540054247B /* Debug */,
				C01FCF5008A954540054247B /* Release */,
				05B706690FD282000081B5C3 /* Distribution */,
			);
			defaultConfigurationIsVisible = 0;
			defaultConfigurationName = Release;
		};
/* End XCConfigurationList section */
	};
	rootObject = 29B97313FDCFA39411CA2CEA /* Project object */;
}
